
Microsoft Visual Studio Solution File, Format Version 12.00
# Visual Studio Version 17
VisualStudioVersion = 17.11.35222.181
MinimumVisualStudioVersion = 10.0.40219.1
Project("{8BC9CEB8-8B4A-11D0-8D11-00A0C91BC942}") = "MUSEN", "MusenGUI\MusenGUI.vcxproj", "{C37BCE55-C8BA-4AD0-8847-1DEC07A49B7F}"
	ProjectSection(ProjectDependencies) = postProject
		{24F35BD5-786F-4F75-8450-8FEB8D97AC12} = {24F35BD5-786F-4F75-8450-8FEB8D97AC12}
		{350017DB-C7A2-438A-AAA7-D7C58D3D3270} = {350017DB-C7A2-438A-AAA7-D7C58D3D3270}
		{739E5585-3715-40AA-99FB-AB1ADB2E2DC3} = {739E5585-3715-40AA-99FB-AB1ADB2E2DC3}
		{DF0D11C1-A321-4A44-A00E-4933FB4469C4} = {DF0D11C1-A321-4A44-A00E-4933FB4469C4}
	EndProjectSection
EndProject
Project("{8BC9CEB8-8B4A-11D0-8D11-00A0C91BC942}") = "GeneralSources", "Modules\GeneralSources\GeneralSources.vcxproj", "{7E3F30C4-4535-44E6-BEEB-5C1D947CAF80}"
	ProjectSection(ProjectDependencies) = postProject
		{2EF32648-DB44-4A95-82C1-2931AF3674BC} = {2EF32648-DB44-4A95-82C1-2931AF3674BC}
	EndProjectSection
EndProject
Project("{8BC9CEB8-8B4A-11D0-8D11-00A0C91BC942}") = "PackageGenerator", "Modules\PackageGenerator\PackageGenerator.vcxproj", "{14F35BD5-786F-4F75-8450-8FEB8D97AC12}"
	ProjectSection(ProjectDependencies) = postProject
		{2EF32648-DB44-4A95-82C1-2931AF3674BC} = {2EF32648-DB44-4A95-82C1-2931AF3674BC}
	EndProjectSection
EndProject
Project("{8BC9CEB8-8B4A-11D0-8D11-00A0C91BC942}") = "BondsGenerator", "Modules\BondsGenerator\BondsGenerator.vcxproj", "{739E5585-3715-40EA-99FB-AB1ADB2E2DC3}"
	ProjectSection(ProjectDependencies) = postProject
		{2EF32648-DB44-4A95-82C1-2931AF3674BC} = {2EF32648-DB44-4A95-82C1-2931AF3674BC}
	EndProjectSection
EndProject
Project("{8BC9CEB8-8B4A-11D0-8D11-00A0C91BC942}") = "ModelSBElastic", "Models\SolidBonds\BondModelElastic\BondModelPotyondy.vcxproj", "{289C56BB-4EC6-4097-B52D-CABA821AF420}"
EndProject
Project("{8BC9CEB8-8B4A-11D0-8D11-00A0C91BC942}") = "ModelPPHertzMindlin", "Models\ParticleParticle\HertzMindlin\HertzMindlin.vcxproj", "{289C56BB-4EC6-4097-B52D-CABA821AF423}"
EndProject
Project("{8BC9CEB8-8B4A-11D0-8D11-00A0C91BC942}") = "ModelPWHertzMindlin", "Models\ParticleWall\PWHertzMindlin\PWHertzMindlin.vcxproj", "{0D791835-45F7-418E-8F70-14B64224D09F}"
EndProject
Project("{8BC9CEB8-8B4A-11D0-8D11-00A0C91BC942}") = "CMusen", "CMusen\CMusen.vcxproj", "{C751BCCF-9C95-480A-BD34-329C50B9E28B}"
	ProjectSection(ProjectDependencies) = postProject
		{0D791835-45F7-418E-8F70-14B64224D09F} = {0D791835-45F7-418E-8F70-14B64224D09F}
		{100E46C2-1212-4082-B4A8-0BE8407A9009} = {100E46C2-1212-4082-B4A8-0BE8407A9009}
		{224CC610-A6AB-42C6-A043-FC7A87F38AD8} = {224CC610-A6AB-42C6-A043-FC7A87F38AD8}
		{229C56BB-4EC6-4097-B52D-CABA121AF420} = {229C56BB-4EC6-4097-B52D-CABA121AF420}
		{24F35BD5-786F-4F75-8450-8FEB8D97AC12} = {24F35BD5-786F-4F75-8450-8FEB8D97AC12}
		{289C56BB-4EC6-4097-B52D-CABA82000000} = {289C56BB-4EC6-4097-B52D-CABA82000000}
		{289C56BB-4EC6-4097-B52D-CABA821AF420} = {289C56BB-4EC6-4097-B52D-CABA821AF420}
		{289C56BB-4EC6-4097-B52D-CABA821AF423} = {289C56BB-4EC6-4097-B52D-CABA821AF423}
		{289C56BB-4EC6-4097-B52D-CABA82AD3423} = {289C56BB-4EC6-4097-B52D-CABA82AD3423}
		{289C56BB-4EC6-4097-B52D-CABFF21AF423} = {289C56BB-4EC6-4097-B52D-CABFF21AF423}
		{289C56BB-4EC6-4D97-B52D-CABA821AF420} = {289C56BB-4EC6-4D97-B52D-CABA821AF420}
		{428F24DF-BF14-4FF9-9739-25A003D78CBE} = {428F24DF-BF14-4FF9-9739-25A003D78CBE}
		{436428F0-1018-47A2-B055-F2079B53DDF4} = {436428F0-1018-47A2-B055-F2079B53DDF4}
		{600A2FC6-C6F3-4579-BA6F-434F8C78BAD0} = {600A2FC6-C6F3-4579-BA6F-434F8C78BAD0}
		{739E5585-3715-40AA-99FB-AB1ADB2E2DC3} = {739E5585-3715-40AA-99FB-AB1ADB2E2DC3}
		{8377EE15-B097-463C-AA11-9548C90E9752} = {8377EE15-B097-463C-AA11-9548C90E9752}
		{8EB7463E-01FA-4D9B-AEFD-782412D78A5E} = {8EB7463E-01FA-4D9B-AEFD-782412D78A5E}
		{DF0D11C1-A321-4A44-A00E-4913FB4469C4} = {DF0D11C1-A321-4A44-A00E-4913FB4469C4}
		{DF0D11C1-A321-4A44-A00E-4933FB4469C4} = {DF0D11C1-A321-4A44-A00E-4933FB4469C4}
		{F984C638-D38F-4633-98CF-645F367E41BA} = {F984C638-D38F-4633-98CF-645F367E41BA}
	EndProjectSection
EndProject
Project("{8BC9CEB8-8B4A-11D0-8D11-00A0C91BC942}") = "ModelLBCapilarViscous", "Models\LiquidBonds\CapilaryViscous\LiquidBondModelCV.vcxproj", "{289C56BB-4EC6-4097-B52D-CABA82000000}"
EndProject
Project("{8BC9CEB8-8B4A-11D0-8D11-00A0C91BC942}") = "ModelPPSintering", "Models\ParticleParticle\TestSinteringModel\TestSinteringModel.vcxproj", "{289C56BB-4EC6-4097-B52D-CABA82AD3423}"
EndProject
Project("{2150E333-8FDC-42A3-9474-1A3956D46DE8}") = "Models", "Models", "{8B6E2B33-83F1-4E2F-8DCD-DECB88995344}"
EndProject
Project("{2150E333-8FDC-42A3-9474-1A3956D46DE8}") = "Libs", "Libs", "{CF207ACD-55F5-473F-A55E-DAD50E03E04B}"
EndProject
Project("{8BC9CEB8-8B4A-11D0-8D11-00A0C91BC942}") = "ObjectsGenerator", "Modules\ObjectsGenerator\ObjectsGenerator.vcxproj", "{14F35BD5-786F-4F75-8450-8FEB8D9FFC12}"
	ProjectSection(ProjectDependencies) = postProject
		{24F35BD5-786F-4F75-8450-8FEB8D97AC12} = {24F35BD5-786F-4F75-8450-8FEB8D97AC12}
	EndProjectSection
EndProject
Project("{8BC9CEB8-8B4A-11D0-8D11-00A0C91BC942}") = "SimResultsStorage", "Modules\SimResultsStorage\SimResultsStorage.vcxproj", "{2EF32648-DB44-4A95-82C1-2931AF3674BC}"
	ProjectSection(ProjectDependencies) = postProject
		{3EE95952-CF82-4C58-BB13-A471932B22C2} = {3EE95952-CF82-4C58-BB13-A471932B22C2}
	EndProjectSection
EndProject
Project("{2150E333-8FDC-42A3-9474-1A3956D46DE8}") = "QTDialogs", "QTDialogs", "{A1C1AD59-0295-4FEB-A4E3-A6E37B83EDE3}"
EndProject
Project("{8BC9CEB8-8B4A-11D0-8D11-00A0C91BC942}") = "Simulator", "Modules\Simulator\Simulator.vcxproj", "{B6D40BF0-EE28-4396-AF29-264153415498}"
	ProjectSection(ProjectDependencies) = postProject
		{2EF32648-DB44-4A95-82C1-2931AF3674BC} = {2EF32648-DB44-4A95-82C1-2931AF3674BC}
	EndProjectSection
EndProject
Project("{2150E333-8FDC-42A3-9474-1A3956D46DE8}") = "Databases", "Databases", "{498CEC08-C4D5-4383-A966-F94061EC7112}"
EndProject
Project("{8BC9CEB8-8B4A-11D0-8D11-00A0C91BC942}") = "GeometriesDatabase", "Databases\GeometriesDatabase\GeometriesDatabase.vcxproj", "{600A2FC6-C6F3-4579-BA6F-434F8C78BAD0}"
EndProject
Project("{8BC9CEB8-8B4A-11D0-8D11-00A0C91BC942}") = "AgglomeratesDatabase", "Databases\AgglomerateDatabase\AgglomeratesDatabase.vcxproj", "{600A2FC6-C6F3-4579-BA6F-434F8C78B9D0}"
EndProject
Project("{8BC9CEB8-8B4A-11D0-8D11-00A0C91BC942}") = "MaterialsDatabase", "Databases\MaterialsDatabase\MaterialsDatabase.vcxproj", "{3EE95952-CF82-4C58-BB13-A471932B22C2}"
EndProject
Project("{8BC9CEB8-8B4A-11D0-8D11-00A0C91BC942}") = "ModelPPHertz", "Models\ParticleParticle\Hertz\Hertz.vcxproj", "{289C56BB-4EC6-4097-B52D-CABFF21AF423}"
EndProject
Project("{8BC9CEB8-8B4A-11D0-8D11-00A0C91BC942}") = "GeometriesDatabaseTab", "QTDialogs\GeometriesDatabaseTab\GeometriesDatabaseTab.vcxproj", "{D6D4B2C4-3F0E-4A61-A21A-DD3C99A0586F}"
	ProjectSection(ProjectDependencies) = postProject
		{2EF32648-DB44-4A95-82C1-2931AF3674BC} = {2EF32648-DB44-4A95-82C1-2931AF3674BC}
		{600A2FC6-C6F3-4579-BA6F-434F8C78BAD0} = {600A2FC6-C6F3-4579-BA6F-434F8C78BAD0}
	EndProjectSection
EndProject
Project("{8BC9CEB8-8B4A-11D0-8D11-00A0C91BC942}") = "AgglomeratesDatabaseTab", "QTDialogs\AgglomeratesDatabaseTab\AgglomeratesDatabaseTab.vcxproj", "{D6D4B2C4-3F0E-4A61-A21A-DD3C99AB586F}"
	ProjectSection(ProjectDependencies) = postProject
		{2EF32648-DB44-4A95-82C1-2931AF3674BC} = {2EF32648-DB44-4A95-82C1-2931AF3674BC}
		{600A2FC6-C6F3-4579-BA6F-434F8C78B9D0} = {600A2FC6-C6F3-4579-BA6F-434F8C78B9D0}
	EndProjectSection
EndProject
Project("{8BC9CEB8-8B4A-11D0-8D11-00A0C91BC942}") = "ObjectsGeneratorTab", "QTDialogs\ObjectsGeneratorTab\ObjectsGeneratorTab.vcxproj", "{D6D4B2C4-3F0E-4B61-A21A-DD3C99AB586F}"
	ProjectSection(ProjectDependencies) = postProject
		{2EF32648-DB44-4A95-82C1-2931AF3674BC} = {2EF32648-DB44-4A95-82C1-2931AF3674BC}
	EndProjectSection
EndProject
Project("{8BC9CEB8-8B4A-11D0-8D11-00A0C91BC942}") = "GeometriesEditorTab", "QTDialogs\GeometriesEditorTab\GeometriesEditorTab.vcxproj", "{AC2328E4-BA49-46D6-B75B-86841416B50F}"
	ProjectSection(ProjectDependencies) = postProject
		{2EF32648-DB44-4A95-82C1-2931AF3674BC} = {2EF32648-DB44-4A95-82C1-2931AF3674BC}
	EndProjectSection
EndProject
Project("{8BC9CEB8-8B4A-11D0-8D11-00A0C91BC942}") = "GeneralMusenDialog", "QTDialogs\GeneralMusenDialog\GeneralMUSENDialog.vcxproj", "{408CD18F-EC70-42CD-915B-1D9ECFCB0E9F}"
	ProjectSection(ProjectDependencies) = postProject
		{2EF32648-DB44-4A95-82C1-2931AF3674BC} = {2EF32648-DB44-4A95-82C1-2931AF3674BC}
	EndProjectSection
EndProject
Project("{8BC9CEB8-8B4A-11D0-8D11-00A0C91BC942}") = "SimulatorTab", "QTDialogs\SimulatorTab\SimulatorTab.vcxproj", "{59AB9A65-F926-4562-A643-853F46BE133A}"
	ProjectSection(ProjectDependencies) = postProject
		{2EF32648-DB44-4A95-82C1-2931AF3674BC} = {2EF32648-DB44-4A95-82C1-2931AF3674BC}
	EndProjectSection
EndProject
Project("{8BC9CEB8-8B4A-11D0-8D11-00A0C91BC942}") = "ResultsAnalyzerTab", "QTDialogs\ResultsAnalyzerTab\ResultsAnalyzerTab.vcxproj", "{496EC4C3-5BE7-4EB9-BE8D-4C4B4DDF63B3}"
	ProjectSection(ProjectDependencies) = postProject
		{2EF32648-DB44-4A95-82C1-2931AF3674BC} = {2EF32648-DB44-4A95-82C1-2931AF3674BC}
	EndProjectSection
EndProject
Project("{8BC9CEB8-8B4A-11D0-8D11-00A0C91BC942}") = "QtWidgets", "QTDialogs\QtWidgets\QtWidgets.vcxproj", "{CFB61E05-DD7A-4AF9-B0C9-C4001319F6E3}"
EndProject
Project("{8BC9CEB8-8B4A-11D0-8D11-00A0C91BC942}") = "MusenConfigurationTab", "QTDialogs\MUSENConfigurationTab\MUSENConfigurationTab.vcxproj", "{D6D4B2C4-3F0E-4A61-A21A-DD3C99F0586F}"
	ProjectSection(ProjectDependencies) = postProject
		{3EAB3878-F8CD-4293-A96E-CEED7F45DDDF} = {3EAB3878-F8CD-4293-A96E-CEED7F45DDDF}
	EndProjectSection
EndProject
Project("{8BC9CEB8-8B4A-11D0-8D11-00A0C91BC942}") = "ResultsAnalyzer", "Modules\ResultsAnalyzer\ResultsAnalyzer.vcxproj", "{451612C8-D384-43BB-BAA3-1446721FEB70}"
	ProjectSection(ProjectDependencies) = postProject
		{2EF32648-DB44-4A95-82C1-2931AF3674BC} = {2EF32648-DB44-4A95-82C1-2931AF3674BC}
	EndProjectSection
EndProject
Project("{8BC9CEB8-8B4A-11D0-8D11-00A0C91BC942}") = "ModelSBKelvin", "Models\SolidBonds\BondModelKelvin\BondModelKelvin.vcxproj", "{100E46C2-1212-4082-B4A8-0BE8407A9009}"
EndProject
Project("{8BC9CEB8-8B4A-11D0-8D11-00A0C91BC942}") = "ModelPPPopovJKR", "Models\ParticleParticle\PopovJKR\PopovJKR.vcxproj", "{8377EE15-B097-463C-AA11-9548C90E9752}"
EndProject
Project("{8BC9CEB8-8B4A-11D0-8D11-00A0C91BC942}") = "ModelPWPopovJKR", "Models\ParticleWall\PWPopovJKR\PWPopovJKR.vcxproj", "{224CC610-A6AB-42C6-A043-FC7A87F38AD8}"
EndProject
Project("{8BC9CEB8-8B4A-11D0-8D11-00A0C91BC942}") = "ModelSBThermal", "Models\SolidBonds\BondModelThermal\BondModelThermal.vcxproj", "{289C56BB-4EC6-4D97-B52D-CABA821AF420}"
	ProjectSection(ProjectDependencies) = postProject
		{7E3F30C4-4535-44E6-BEEB-5C1D947CAF80} = {7E3F30C4-4535-44E6-BEEB-5C1D947CAF80}
	EndProjectSection
EndProject
Project("{8BC9CEB8-8B4A-11D0-8D11-00A0C91BC942}") = "MaterialsDatabaseTab", "QTDialogs\MaterialsDatabaseTab\MaterialsDatabaseTab.vcxproj", "{AB81EC9D-4A95-4277-B113-9B610C10BFB7}"
	ProjectSection(ProjectDependencies) = postProject
		{2EF32648-DB44-4A95-82C1-2931AF3674BC} = {2EF32648-DB44-4A95-82C1-2931AF3674BC}
	EndProjectSection
EndProject
Project("{2150E333-8FDC-42A3-9474-1A3956D46DE8}") = "PartPart", "PartPart", "{849FA728-0478-490C-B2EF-EB552223CF5D}"
EndProject
Project("{2150E333-8FDC-42A3-9474-1A3956D46DE8}") = "PartWall", "PartWall", "{52275255-9D02-4EDF-8282-97587CAB3401}"
EndProject
Project("{2150E333-8FDC-42A3-9474-1A3956D46DE8}") = "SolidBond", "SolidBond", "{E52AF4AC-B0DC-412B-870B-592B9A4DE75A}"
EndProject
Project("{8BC9CEB8-8B4A-11D0-8D11-00A0C91BC942}") = "ModelEFViscousField", "Models\ExternalForce\ViscousField\ViscousField.vcxproj", "{DF0D11C1-A321-4A44-A00E-4913FB4469C4}"
EndProject
Project("{8BC9CEB8-8B4A-11D0-8D11-00A0C91BC942}") = "ModelPPJKR", "Models\ParticleParticle\JKR\JKR.vcxproj", "{8EB7463E-01FA-4D9B-AEFD-782412D78A5E}"
EndProject
Project("{8BC9CEB8-8B4A-11D0-8D11-00A0C91BC942}") = "ModelPWJKR", "Models\ParticleWall\PWJKR\PWJKR.vcxproj", "{428F24DF-BF14-4FF9-9739-25A003D78CBE}"
EndProject
Project("{2150E333-8FDC-42A3-9474-1A3956D46DE8}") = "ExternalForce", "ExternalForce", "{2CAD47D8-EF48-4A21-98D1-6070D427A87A}"
EndProject
Project("{8BC9CEB8-8B4A-11D0-8D11-00A0C91BC942}") = "BondsGeneratorTab", "QTDialogs\BondsGeneratorTab\BondsGeneratorTab.vcxproj", "{B12702AD-ABFB-343A-A199-8E24837244A3}"
	ProjectSection(ProjectDependencies) = postProject
		{2EF32648-DB44-4A95-82C1-2931AF3674BC} = {2EF32648-DB44-4A95-82C1-2931AF3674BC}
	EndProjectSection
EndProject
Project("{2150E333-8FDC-42A3-9474-1A3956D46DE8}") = "LiquidBond", "LiquidBond", "{5ACD3949-30DC-415F-8EFE-D7671BB252ED}"
EndProject
Project("{8BC9CEB8-8B4A-11D0-8D11-00A0C91BC942}") = "ObjectsEditorTab", "QTDialogs\ObjectsEditorTab\ObjectsEditorTab.vcxproj", "{73B4FCF6-3D25-4E9B-A3B7-6F3B4E908D6E}"
	ProjectSection(ProjectDependencies) = postProject
		{2EF32648-DB44-4A95-82C1-2931AF3674BC} = {2EF32648-DB44-4A95-82C1-2931AF3674BC}
	EndProjectSection
EndProject
Project("{8BC9CEB8-8B4A-11D0-8D11-00A0C91BC942}") = "SceneInfoTab", "QTDialogs\SceneInfoTab\SceneInfoTab.vcxproj", "{390E3B70-1B01-4183-A646-8DF446C6B651}"
	ProjectSection(ProjectDependencies) = postProject
		{2EF32648-DB44-4A95-82C1-2931AF3674BC} = {2EF32648-DB44-4A95-82C1-2931AF3674BC}
	EndProjectSection
EndProject
Project("{8BC9CEB8-8B4A-11D0-8D11-00A0C91BC942}") = "PackageGeneratorTab", "QTDialogs\PackageGeneratorTab\PackageGeneratorTab.vcxproj", "{B1C6AC41-B234-4BBF-B3E2-53F37F1D0781}"
	ProjectSection(ProjectDependencies) = postProject
		{2EF32648-DB44-4A95-82C1-2931AF3674BC} = {2EF32648-DB44-4A95-82C1-2931AF3674BC}
	EndProjectSection
EndProject
Project("{8BC9CEB8-8B4A-11D0-8D11-00A0C91BC942}") = "SampleAnalyzerTab", "QTDialogs\SampleAnalyzerTab\SampleAnalyzerTab.vcxproj", "{3EAB3878-F8CD-4293-A96E-CEED7F45DDDF}"
	ProjectSection(ProjectDependencies) = postProject
		{2EF32648-DB44-4A95-82C1-2931AF3674BC} = {2EF32648-DB44-4A95-82C1-2931AF3674BC}
	EndProjectSection
EndProject
Project("{8BC9CEB8-8B4A-11D0-8D11-00A0C91BC942}") = "SceneEditorTab", "QTDialogs\SceneEditorTab\SceneEditorTab.vcxproj", "{34197AA7-AABC-4B67-8463-B6A99C14005E}"
	ProjectSection(ProjectDependencies) = postProject
		{2EF32648-DB44-4A95-82C1-2931AF3674BC} = {2EF32648-DB44-4A95-82C1-2931AF3674BC}
	EndProjectSection
EndProject
Project("{8BC9CEB8-8B4A-11D0-8D11-00A0C91BC942}") = "QtOpenGLView", "QTDialogs\QtOpenGLView\QtOpenGLView.vcxproj", "{DA8B8971-C00B-4629-AB99-A6AED2965E09}"
	ProjectSection(ProjectDependencies) = postProject
		{2EF32648-DB44-4A95-82C1-2931AF3674BC} = {2EF32648-DB44-4A95-82C1-2931AF3674BC}
		{3EAB3878-F8CD-4293-A96E-CEED7F45DDDF} = {3EAB3878-F8CD-4293-A96E-CEED7F45DDDF}
	EndProjectSection
EndProject
Project("{8BC9CEB8-8B4A-11D0-8D11-00A0C91BC942}") = "MUSENMainWindow", "QTDialogs\MUSENMainWindow\MUSENMainWindow.vcxproj", "{D0582D03-0861-49E3-BB2B-9AEDEA1A7BAB}"
	ProjectSection(ProjectDependencies) = postProject
		{2EF32648-DB44-4A95-82C1-2931AF3674BC} = {2EF32648-DB44-4A95-82C1-2931AF3674BC}
		{34197AA7-AABC-4B67-8463-B6A99C14005E} = {34197AA7-AABC-4B67-8463-B6A99C14005E}
		{390E3B70-1B01-4183-A646-8DF446C6B651} = {390E3B70-1B01-4183-A646-8DF446C6B651}
		{3EAB3878-F8CD-4293-A96E-CEED7F45DDDF} = {3EAB3878-F8CD-4293-A96E-CEED7F45DDDF}
		{59AB9A65-F926-4562-A643-853F46BE133A} = {59AB9A65-F926-4562-A643-853F46BE133A}
		{73B4FCF6-3D25-4E9B-A3B7-6F3B4E908D6E} = {73B4FCF6-3D25-4E9B-A3B7-6F3B4E908D6E}
		{AC2328E4-BA49-46D6-B75B-86841416B50F} = {AC2328E4-BA49-46D6-B75B-86841416B50F}
		{B12702AD-ABFB-343A-A199-8E24837244A3} = {B12702AD-ABFB-343A-A199-8E24837244A3}
		{B1C6AC41-B234-4BBF-B3E2-53F37F1D0781} = {B1C6AC41-B234-4BBF-B3E2-53F37F1D0781}
		{D6D4B2C4-3F0E-4A61-A21A-DD3C99A0586F} = {D6D4B2C4-3F0E-4A61-A21A-DD3C99A0586F}
		{D6D4B2C4-3F0E-4A61-A21A-DD3C99AB586F} = {D6D4B2C4-3F0E-4A61-A21A-DD3C99AB586F}
		{D6D4B2C4-3F0E-4A61-A21A-DD3C99F0586F} = {D6D4B2C4-3F0E-4A61-A21A-DD3C99F0586F}
		{D6D4B2C4-3F0E-4B61-A21A-DD3C99AB586F} = {D6D4B2C4-3F0E-4B61-A21A-DD3C99AB586F}
	EndProjectSection
EndProject
Project("{2150E333-8FDC-42A3-9474-1A3956D46DE8}") = "Template", "Template", "{2BB3918B-61F4-4D6B-BD66-F255D70063A7}"
EndProject
Project("{8BC9CEB8-8B4A-11D0-8D11-00A0C91BC942}") = "ModelSBElasticPerfectlyPlastic", "Models\SolidBonds\BondModelElasticPerfectlyPlastic\BondModelElasticPerfectlyPlastic.vcxproj", "{F984C638-D38F-4633-98CF-645F367E41BA}"
EndProject
Project("{8BC9CEB8-8B4A-11D0-8D11-00A0C91BC942}") = "ModelPPSimpleViscoElastic", "Models\ParticleParticle\SimpleViscoElastic\SimpleViscoElastic.vcxproj", "{4B843DCB-2532-4A99-A1B0-BCE3194A303C}"
EndProject
Project("{8BC9CEB8-8B4A-11D0-8D11-00A0C91BC942}") = "ModelPWSimpleViscoElastic", "Models\ParticleWall\PWSimpleViscoElastic\PWSimpleViscoElastic.vcxproj", "{F2936B6B-3137-4B04-BE80-C4CDB383D7A2}"
EndProject
Project("{8BC9CEB8-8B4A-11D0-8D11-00A0C91BC942}") = "ModelPPHertzMindlinLiquid", "Models\ParticleParticle\HertzMindlinLiquid\HertzMindlinLiquid.vcxproj", "{DC7428AD-0DEC-45F2-A95E-F2D4F4DA0DC5}"
EndProject
Project("{8BC9CEB8-8B4A-11D0-8D11-00A0C91BC942}") = "ModelPWHertzMindlinLiquid", "Models\ParticleWall\PWHertzMindlinLiquid\PWHertzMindlinLiquid.vcxproj", "{0D791835-45F7-418E-8F20-14B64224D09F}"
EndProject
Project("{8BC9CEB8-8B4A-11D0-8D11-00A0C91BC942}") = "ModelPPLinearElastic", "Models\ParticleParticle\LinearElastic\LinearElastic.vcxproj", "{289C56BB-4EC6-4097-B52D-CABD821AF423}"
EndProject
Project("{8BC9CEB8-8B4A-11D0-8D11-00A0C91BC942}") = "ModelSBAerogel", "Models\SolidBonds\BondModelAerogel\BondModelAerogel.vcxproj", "{229C56BB-4EC6-4097-B52D-CABA121AF420}"
EndProject
Project("{8BC9CEB8-8B4A-11D0-8D11-00A0C91BC942}") = "ScriptInterface", "Modules\ScriptInterface\ScriptInterface.vcxproj", "{823D43F3-A560-4DF2-98FB-F8BFD2601D43}"
	ProjectSection(ProjectDependencies) = postProject
		{2EF32648-DB44-4A95-82C1-2931AF3674BC} = {2EF32648-DB44-4A95-82C1-2931AF3674BC}
	EndProjectSection
EndProject
Project("{8BC9CEB8-8B4A-11D0-8D11-00A0C91BC942}") = "ModelSBLinearPlastic", "Models\SolidBonds\BondModelLinearPlastic\BondModelLinearPlastic.vcxproj", "{289C56BB-4EC6-4097-B52D-CABA823AF420}"
EndProject
Project("{8BC9CEB8-8B4A-11D0-8D11-00A0C91BC942}") = "ModelPP", "Models\Templates\ModelPP\ModelPP.vcxproj", "{EE5A57E1-673B-41F9-92A6-F33B796E89C3}"
EndProject
Project("{8BC9CEB8-8B4A-11D0-8D11-00A0C91BC942}") = "ModelSB", "Models\Templates\ModelSB\ModelSB.vcxproj", "{7CB06D2D-8362-4EA1-9ADA-12E19A720AAD}"
EndProject
Project("{8BC9CEB8-8B4A-11D0-8D11-00A0C91BC942}") = "ModelPW", "Models\Templates\ModelPW\ModelPW.vcxproj", "{4359BFBC-3A46-474E-8D1C-5E678C96EA33}"
EndProject
Project("{8BC9CEB8-8B4A-11D0-8D11-00A0C91BC942}") = "ModelEF", "Models\Templates\ModelEF\ModelEF.vcxproj", "{5C3690FA-B69B-40DD-A380-0FB674B6DE6E}"
EndProject
Project("{8BC9CEB8-8B4A-11D0-8D11-00A0C91BC942}") = "SystemStructure", "Modules\SystemStructure\SystemStructure.vcxproj", "{739E5585-3715-40AA-99FB-AB1ADB2E2DC3}"
	ProjectSection(ProjectDependencies) = postProject
		{2EF32648-DB44-4A95-82C1-2931AF3674BC} = {2EF32648-DB44-4A95-82C1-2931AF3674BC}
	EndProjectSection
EndProject
Project("{8BC9CEB8-8B4A-11D0-8D11-00A0C91BC942}") = "ContactAnalyzers", "Modules\ContactAnalyzers\ContactAnalyzers.vcxproj", "{24F35BD5-786F-4F75-8450-8FEB8D97AC12}"
	ProjectSection(ProjectDependencies) = postProject
		{2EF32648-DB44-4A95-82C1-2931AF3674BC} = {2EF32648-DB44-4A95-82C1-2931AF3674BC}
	EndProjectSection
EndProject
Project("{8BC9CEB8-8B4A-11D0-8D11-00A0C91BC942}") = "FileManager", "Modules\FileManager\FileManager.vcxproj", "{436428F0-1018-47A2-B055-F2079B53DDF4}"
	ProjectSection(ProjectDependencies) = postProject
		{2EF32648-DB44-4A95-82C1-2931AF3674BC} = {2EF32648-DB44-4A95-82C1-2931AF3674BC}
	EndProjectSection
EndProject
Project("{8BC9CEB8-8B4A-11D0-8D11-00A0C91BC942}") = "SimplifiedScene", "Modules\SimplifiedScene\SimplifiedScene.vcxproj", "{B6D40BF0-EE28-4396-AA29-264153415498}"
	ProjectSection(ProjectDependencies) = postProject
		{2EF32648-DB44-4A95-82C1-2931AF3674BC} = {2EF32648-DB44-4A95-82C1-2931AF3674BC}
	EndProjectSection
EndProject
Project("{8BC9CEB8-8B4A-11D0-8D11-00A0C91BC942}") = "Geometries", "Modules\Geometries\Geometries.vcxproj", "{448B6049-5D64-4F31-BE4F-73E480AFE80B}"
	ProjectSection(ProjectDependencies) = postProject
		{2EF32648-DB44-4A95-82C1-2931AF3674BC} = {2EF32648-DB44-4A95-82C1-2931AF3674BC}
	EndProjectSection
EndProject
Project("{8BC9CEB8-8B4A-11D0-8D11-00A0C91BC942}") = "ModelPPSinteringTemperature", "Models\ParticleParticle\SinteringTemperature\SinteringModelTemperature.vcxproj", "{289C56BB-4EC6-4097-B52D-CA0000000000}"
EndProject
Project("{8BC9CEB8-8B4A-11D0-8D11-00A0C91BC942}") = "ModelPPHeatConduction", "Models\ParticleParticle\HeatConduction\HeatConduction.vcxproj", "{35F3DF74-AC00-4849-9360-4C17860ACAA6}"
EndProject
Project("{8BC9CEB8-8B4A-11D0-8D11-00A0C91BC942}") = "ModelEFHeatTransfer", "Models\ExternalForce\HeatTransfer\HeatTransfer.vcxproj", "{DF0D11C1-A321-4A44-A00E-4913FB446A00}"
EndProject
Project("{8BC9CEB8-8B4A-11D0-8D11-00A0C91BC942}") = "ModelSBWeakening", "Models\SolidBonds\BondModelWeakening\BondModelWeakening.vcxproj", "{350017DB-C7A2-438A-AAA7-D7C58D3D3270}"
EndProject
Project("{8BC9CEB8-8B4A-11D0-8D11-00A0C91BC942}") = "ModelSBCreep", "Models\SolidBonds\BondModelCreep\BondModelCreep.vcxproj", "{F984C638-D38F-4633-11CF-645F367E41BA}"
EndProject
Project("{8BC9CEB8-8B4A-11D0-8D11-00A0C91BC942}") = "ModelPPChealNess", "Models\ParticleParticle\ChealNess\ModelChealNess.vcxproj", "{289C56BB-4EC6-4097-B32D-CABA821AF423}"
EndProject
Project("{8BC9CEB8-8B4A-11D0-8D11-00A0C91BC942}") = "WindowsInstaller", "Installers\InstallerProject\Installer.vcxproj", "{01050349-6088-461C-9C0F-0B233EBCD2EC}"
EndProject
Project("{8BC9CEB8-8B4A-11D0-8D11-00A0C91BC942}") = "ModelEFCentrifugalCasting", "Models\ExternalForce\CentrifugalCasting\CentrifugalCasting.vcxproj", "{DF0D11C1-A321-4A44-A00E-4933FB4469C4}"
EndProject
Project("{2150E333-8FDC-42A3-9474-1A3956D46DE8}") = "Installers", "Installers", "{2C3C02E8-3C02-4A3B-8C7E-4E3D23C96B2A}"
EndProject
Project("{8BC9CEB8-8B4A-11D0-8D11-00A0C91BC942}") = "WSLBuild", "Installers\WSLBuild\WSLBuild.vcxproj", "{9588E644-BAD1-4B67-9BA2-12E3D29B4AE6}"
EndProject
Project("{8BC9CEB8-8B4A-11D0-8D11-00A0C91BC942}") = "ModelEFLiquidDiffusion", "Models\ExternalForce\LiquidDiffusion\ModelEFLiquidDiffusion.vcxproj", "{E5C6B68E-0CE5-467C-84BE-18F2F617475E}"
EndProject
Project("{8BC9CEB8-8B4A-11D0-8D11-00A0C91BC942}") = "ModelPPHertzMindlinVdW", "Models\ParticleParticle\HertzMindlinVdW\HertzMindlinVdW.vcxproj", "{289C56BB-4EC6-4097-B52D-CABA821DF423}"
EndProject
Project("{8BC9CEB8-8B4A-11D0-8D11-00A0C91BC942}") = "ModelSBPlasticConcrete", "Models\SolidBonds\BondModelPlasticConcrete\BondModelElasticPlasticConcrete.vcxproj", "{F984C638-D38F-4633-DDCF-645F367E41BA}"
EndProject
Project("{8BC9CEB8-8B4A-11D0-8D11-00A0C91BC942}") = "ModelPWHeatTransfer", "Models\ParticleWall\PWHeatTransfer\ModelPWHeatTransfer.vcxproj", "{318C46E8-E68A-4A86-B9B8-E77E458F44E8}"
EndProject
Project("{8BC9CEB8-8B4A-11D0-8D11-00A0C91BC942}") = "ModelSBHeatConduction", "Models\SolidBonds\BondModelHeatConduction\BondModelHeatConduction.vcxproj", "{24901618-EAD9-41D2-9E4F-98E1BE647C4F}"
EndProject
Global
	GlobalSection(SolutionConfigurationPlatforms) = preSolution
		Debug|x64 = Debug|x64
		Release|x64 = Release|x64
	EndGlobalSection
	GlobalSection(ProjectConfigurationPlatforms) = postSolution
		{C37BCE55-C8BA-4AD0-8847-1DEC07A49B7F}.Debug|x64.ActiveCfg = Debug|x64
		{C37BCE55-C8BA-4AD0-8847-1DEC07A49B7F}.Debug|x64.Build.0 = Debug|x64
		{C37BCE55-C8BA-4AD0-8847-1DEC07A49B7F}.Release|x64.ActiveCfg = Release|x64
		{C37BCE55-C8BA-4AD0-8847-1DEC07A49B7F}.Release|x64.Build.0 = Release|x64
		{7E3F30C4-4535-44E6-BEEB-5C1D947CAF80}.Debug|x64.ActiveCfg = Debug|x64
		{7E3F30C4-4535-44E6-BEEB-5C1D947CAF80}.Debug|x64.Build.0 = Debug|x64
		{7E3F30C4-4535-44E6-BEEB-5C1D947CAF80}.Release|x64.ActiveCfg = Release|x64
		{7E3F30C4-4535-44E6-BEEB-5C1D947CAF80}.Release|x64.Build.0 = Release|x64
		{14F35BD5-786F-4F75-8450-8FEB8D97AC12}.Debug|x64.ActiveCfg = Debug|x64
		{14F35BD5-786F-4F75-8450-8FEB8D97AC12}.Debug|x64.Build.0 = Debug|x64
		{14F35BD5-786F-4F75-8450-8FEB8D97AC12}.Release|x64.ActiveCfg = Release|x64
		{14F35BD5-786F-4F75-8450-8FEB8D97AC12}.Release|x64.Build.0 = Release|x64
		{739E5585-3715-40EA-99FB-AB1ADB2E2DC3}.Debug|x64.ActiveCfg = Debug|x64
		{739E5585-3715-40EA-99FB-AB1ADB2E2DC3}.Debug|x64.Build.0 = Debug|x64
		{739E5585-3715-40EA-99FB-AB1ADB2E2DC3}.Release|x64.ActiveCfg = Release|x64
		{739E5585-3715-40EA-99FB-AB1ADB2E2DC3}.Release|x64.Build.0 = Release|x64
		{289C56BB-4EC6-4097-B52D-CABA821AF420}.Debug|x64.ActiveCfg = Debug|x64
		{289C56BB-4EC6-4097-B52D-CABA821AF420}.Debug|x64.Build.0 = Debug|x64
		{289C56BB-4EC6-4097-B52D-CABA821AF420}.Release|x64.ActiveCfg = Release|x64
		{289C56BB-4EC6-4097-B52D-CABA821AF420}.Release|x64.Build.0 = Release|x64
		{289C56BB-4EC6-4097-B52D-CABA821AF423}.Debug|x64.ActiveCfg = Debug|x64
		{289C56BB-4EC6-4097-B52D-CABA821AF423}.Debug|x64.Build.0 = Debug|x64
		{289C56BB-4EC6-4097-B52D-CABA821AF423}.Release|x64.ActiveCfg = Release|x64
		{289C56BB-4EC6-4097-B52D-CABA821AF423}.Release|x64.Build.0 = Release|x64
		{0D791835-45F7-418E-8F70-14B64224D09F}.Debug|x64.ActiveCfg = Debug|x64
		{0D791835-45F7-418E-8F70-14B64224D09F}.Debug|x64.Build.0 = Debug|x64
		{0D791835-45F7-418E-8F70-14B64224D09F}.Release|x64.ActiveCfg = Release|x64
		{0D791835-45F7-418E-8F70-14B64224D09F}.Release|x64.Build.0 = Release|x64
		{C751BCCF-9C95-480A-BD34-329C50B9E28B}.Debug|x64.ActiveCfg = Debug|x64
		{C751BCCF-9C95-480A-BD34-329C50B9E28B}.Debug|x64.Build.0 = Debug|x64
		{C751BCCF-9C95-480A-BD34-329C50B9E28B}.Release|x64.ActiveCfg = Release|x64
		{C751BCCF-9C95-480A-BD34-329C50B9E28B}.Release|x64.Build.0 = Release|x64
		{289C56BB-4EC6-4097-B52D-CABA82000000}.Debug|x64.ActiveCfg = Debug|x64
		{289C56BB-4EC6-4097-B52D-CABA82000000}.Debug|x64.Build.0 = Debug|x64
		{289C56BB-4EC6-4097-B52D-CABA82000000}.Release|x64.ActiveCfg = Release|x64
		{289C56BB-4EC6-4097-B52D-CABA82000000}.Release|x64.Build.0 = Release|x64
		{289C56BB-4EC6-4097-B52D-CABA82AD3423}.Debug|x64.ActiveCfg = Debug|x64
		{289C56BB-4EC6-4097-B52D-CABA82AD3423}.Debug|x64.Build.0 = Debug|x64
		{289C56BB-4EC6-4097-B52D-CABA82AD3423}.Release|x64.ActiveCfg = Release|x64
		{289C56BB-4EC6-4097-B52D-CABA82AD3423}.Release|x64.Build.0 = Release|x64
		{14F35BD5-786F-4F75-8450-8FEB8D9FFC12}.Debug|x64.ActiveCfg = Debug|x64
		{14F35BD5-786F-4F75-8450-8FEB8D9FFC12}.Debug|x64.Build.0 = Debug|x64
		{14F35BD5-786F-4F75-8450-8FEB8D9FFC12}.Release|x64.ActiveCfg = Release|x64
		{14F35BD5-786F-4F75-8450-8FEB8D9FFC12}.Release|x64.Build.0 = Release|x64
		{2EF32648-DB44-4A95-82C1-2931AF3674BC}.Debug|x64.ActiveCfg = Debug|x64
		{2EF32648-DB44-4A95-82C1-2931AF3674BC}.Debug|x64.Build.0 = Debug|x64
		{2EF32648-DB44-4A95-82C1-2931AF3674BC}.Release|x64.ActiveCfg = Release|x64
		{2EF32648-DB44-4A95-82C1-2931AF3674BC}.Release|x64.Build.0 = Release|x64
		{B6D40BF0-EE28-4396-AF29-264153415498}.Debug|x64.ActiveCfg = Debug|x64
		{B6D40BF0-EE28-4396-AF29-264153415498}.Debug|x64.Build.0 = Debug|x64
		{B6D40BF0-EE28-4396-AF29-264153415498}.Release|x64.ActiveCfg = Release|x64
		{B6D40BF0-EE28-4396-AF29-264153415498}.Release|x64.Build.0 = Release|x64
		{600A2FC6-C6F3-4579-BA6F-434F8C78BAD0}.Debug|x64.ActiveCfg = Debug|x64
		{600A2FC6-C6F3-4579-BA6F-434F8C78BAD0}.Debug|x64.Build.0 = Debug|x64
		{600A2FC6-C6F3-4579-BA6F-434F8C78BAD0}.Release|x64.ActiveCfg = Release|x64
		{600A2FC6-C6F3-4579-BA6F-434F8C78BAD0}.Release|x64.Build.0 = Release|x64
		{600A2FC6-C6F3-4579-BA6F-434F8C78B9D0}.Debug|x64.ActiveCfg = Debug|x64
		{600A2FC6-C6F3-4579-BA6F-434F8C78B9D0}.Debug|x64.Build.0 = Debug|x64
		{600A2FC6-C6F3-4579-BA6F-434F8C78B9D0}.Release|x64.ActiveCfg = Release|x64
		{600A2FC6-C6F3-4579-BA6F-434F8C78B9D0}.Release|x64.Build.0 = Release|x64
		{3EE95952-CF82-4C58-BB13-A471932B22C2}.Debug|x64.ActiveCfg = Debug|x64
		{3EE95952-CF82-4C58-BB13-A471932B22C2}.Debug|x64.Build.0 = Debug|x64
		{3EE95952-CF82-4C58-BB13-A471932B22C2}.Release|x64.ActiveCfg = Release|x64
		{3EE95952-CF82-4C58-BB13-A471932B22C2}.Release|x64.Build.0 = Release|x64
		{289C56BB-4EC6-4097-B52D-CABFF21AF423}.Debug|x64.ActiveCfg = Debug|x64
		{289C56BB-4EC6-4097-B52D-CABFF21AF423}.Debug|x64.Build.0 = Debug|x64
		{289C56BB-4EC6-4097-B52D-CABFF21AF423}.Release|x64.ActiveCfg = Release|x64
		{289C56BB-4EC6-4097-B52D-CABFF21AF423}.Release|x64.Build.0 = Release|x64
		{D6D4B2C4-3F0E-4A61-A21A-DD3C99A0586F}.Debug|x64.ActiveCfg = Debug|x64
		{D6D4B2C4-3F0E-4A61-A21A-DD3C99A0586F}.Debug|x64.Build.0 = Debug|x64
		{D6D4B2C4-3F0E-4A61-A21A-DD3C99A0586F}.Release|x64.ActiveCfg = Release|x64
		{D6D4B2C4-3F0E-4A61-A21A-DD3C99A0586F}.Release|x64.Build.0 = Release|x64
		{D6D4B2C4-3F0E-4A61-A21A-DD3C99AB586F}.Debug|x64.ActiveCfg = Debug|x64
		{D6D4B2C4-3F0E-4A61-A21A-DD3C99AB586F}.Debug|x64.Build.0 = Debug|x64
		{D6D4B2C4-3F0E-4A61-A21A-DD3C99AB586F}.Release|x64.ActiveCfg = Release|x64
		{D6D4B2C4-3F0E-4A61-A21A-DD3C99AB586F}.Release|x64.Build.0 = Release|x64
		{D6D4B2C4-3F0E-4B61-A21A-DD3C99AB586F}.Debug|x64.ActiveCfg = Debug|x64
		{D6D4B2C4-3F0E-4B61-A21A-DD3C99AB586F}.Debug|x64.Build.0 = Debug|x64
		{D6D4B2C4-3F0E-4B61-A21A-DD3C99AB586F}.Release|x64.ActiveCfg = Release|x64
		{D6D4B2C4-3F0E-4B61-A21A-DD3C99AB586F}.Release|x64.Build.0 = Release|x64
		{AC2328E4-BA49-46D6-B75B-86841416B50F}.Debug|x64.ActiveCfg = Debug|x64
		{AC2328E4-BA49-46D6-B75B-86841416B50F}.Debug|x64.Build.0 = Debug|x64
		{AC2328E4-BA49-46D6-B75B-86841416B50F}.Release|x64.ActiveCfg = Release|x64
		{AC2328E4-BA49-46D6-B75B-86841416B50F}.Release|x64.Build.0 = Release|x64
		{408CD18F-EC70-42CD-915B-1D9ECFCB0E9F}.Debug|x64.ActiveCfg = Debug|x64
		{408CD18F-EC70-42CD-915B-1D9ECFCB0E9F}.Debug|x64.Build.0 = Debug|x64
		{408CD18F-EC70-42CD-915B-1D9ECFCB0E9F}.Release|x64.ActiveCfg = Release|x64
		{408CD18F-EC70-42CD-915B-1D9ECFCB0E9F}.Release|x64.Build.0 = Release|x64
		{59AB9A65-F926-4562-A643-853F46BE133A}.Debug|x64.ActiveCfg = Debug|x64
		{59AB9A65-F926-4562-A643-853F46BE133A}.Debug|x64.Build.0 = Debug|x64
		{59AB9A65-F926-4562-A643-853F46BE133A}.Release|x64.ActiveCfg = Release|x64
		{59AB9A65-F926-4562-A643-853F46BE133A}.Release|x64.Build.0 = Release|x64
		{496EC4C3-5BE7-4EB9-BE8D-4C4B4DDF63B3}.Debug|x64.ActiveCfg = Debug|x64
		{496EC4C3-5BE7-4EB9-BE8D-4C4B4DDF63B3}.Debug|x64.Build.0 = Debug|x64
		{496EC4C3-5BE7-4EB9-BE8D-4C4B4DDF63B3}.Release|x64.ActiveCfg = Release|x64
		{496EC4C3-5BE7-4EB9-BE8D-4C4B4DDF63B3}.Release|x64.Build.0 = Release|x64
		{CFB61E05-DD7A-4AF9-B0C9-C4001319F6E3}.Debug|x64.ActiveCfg = Debug|x64
		{CFB61E05-DD7A-4AF9-B0C9-C4001319F6E3}.Debug|x64.Build.0 = Debug|x64
		{CFB61E05-DD7A-4AF9-B0C9-C4001319F6E3}.Release|x64.ActiveCfg = Release|x64
		{CFB61E05-DD7A-4AF9-B0C9-C4001319F6E3}.Release|x64.Build.0 = Release|x64
		{D6D4B2C4-3F0E-4A61-A21A-DD3C99F0586F}.Debug|x64.ActiveCfg = Debug|x64
		{D6D4B2C4-3F0E-4A61-A21A-DD3C99F0586F}.Debug|x64.Build.0 = Debug|x64
		{D6D4B2C4-3F0E-4A61-A21A-DD3C99F0586F}.Release|x64.ActiveCfg = Release|x64
		{D6D4B2C4-3F0E-4A61-A21A-DD3C99F0586F}.Release|x64.Build.0 = Release|x64
		{451612C8-D384-43BB-BAA3-1446721FEB70}.Debug|x64.ActiveCfg = Debug|x64
		{451612C8-D384-43BB-BAA3-1446721FEB70}.Debug|x64.Build.0 = Debug|x64
		{451612C8-D384-43BB-BAA3-1446721FEB70}.Release|x64.ActiveCfg = Release|x64
		{451612C8-D384-43BB-BAA3-1446721FEB70}.Release|x64.Build.0 = Release|x64
		{100E46C2-1212-4082-B4A8-0BE8407A9009}.Debug|x64.ActiveCfg = Debug|x64
		{100E46C2-1212-4082-B4A8-0BE8407A9009}.Debug|x64.Build.0 = Debug|x64
		{100E46C2-1212-4082-B4A8-0BE8407A9009}.Release|x64.ActiveCfg = Release|x64
		{100E46C2-1212-4082-B4A8-0BE8407A9009}.Release|x64.Build.0 = Release|x64
		{8377EE15-B097-463C-AA11-9548C90E9752}.Debug|x64.ActiveCfg = Debug|x64
		{8377EE15-B097-463C-AA11-9548C90E9752}.Debug|x64.Build.0 = Debug|x64
		{8377EE15-B097-463C-AA11-9548C90E9752}.Release|x64.ActiveCfg = Release|x64
		{8377EE15-B097-463C-AA11-9548C90E9752}.Release|x64.Build.0 = Release|x64
		{224CC610-A6AB-42C6-A043-FC7A87F38AD8}.Debug|x64.ActiveCfg = Debug|x64
		{224CC610-A6AB-42C6-A043-FC7A87F38AD8}.Debug|x64.Build.0 = Debug|x64
		{224CC610-A6AB-42C6-A043-FC7A87F38AD8}.Release|x64.ActiveCfg = Release|x64
		{224CC610-A6AB-42C6-A043-FC7A87F38AD8}.Release|x64.Build.0 = Release|x64
		{289C56BB-4EC6-4D97-B52D-CABA821AF420}.Debug|x64.ActiveCfg = Debug|x64
		{289C56BB-4EC6-4D97-B52D-CABA821AF420}.Debug|x64.Build.0 = Debug|x64
		{289C56BB-4EC6-4D97-B52D-CABA821AF420}.Release|x64.ActiveCfg = Release|x64
		{289C56BB-4EC6-4D97-B52D-CABA821AF420}.Release|x64.Build.0 = Release|x64
		{AB81EC9D-4A95-4277-B113-9B610C10BFB7}.Debug|x64.ActiveCfg = Debug|x64
		{AB81EC9D-4A95-4277-B113-9B610C10BFB7}.Debug|x64.Build.0 = Debug|x64
		{AB81EC9D-4A95-4277-B113-9B610C10BFB7}.Release|x64.ActiveCfg = Release|x64
		{AB81EC9D-4A95-4277-B113-9B610C10BFB7}.Release|x64.Build.0 = Release|x64
		{DF0D11C1-A321-4A44-A00E-4913FB4469C4}.Debug|x64.ActiveCfg = Debug|x64
		{DF0D11C1-A321-4A44-A00E-4913FB4469C4}.Debug|x64.Build.0 = Debug|x64
		{DF0D11C1-A321-4A44-A00E-4913FB4469C4}.Release|x64.ActiveCfg = Release|x64
		{DF0D11C1-A321-4A44-A00E-4913FB4469C4}.Release|x64.Build.0 = Release|x64
		{8EB7463E-01FA-4D9B-AEFD-782412D78A5E}.Debug|x64.ActiveCfg = Debug|x64
		{8EB7463E-01FA-4D9B-AEFD-782412D78A5E}.Debug|x64.Build.0 = Debug|x64
		{8EB7463E-01FA-4D9B-AEFD-782412D78A5E}.Release|x64.ActiveCfg = Release|x64
		{8EB7463E-01FA-4D9B-AEFD-782412D78A5E}.Release|x64.Build.0 = Release|x64
		{428F24DF-BF14-4FF9-9739-25A003D78CBE}.Debug|x64.ActiveCfg = Debug|x64
		{428F24DF-BF14-4FF9-9739-25A003D78CBE}.Debug|x64.Build.0 = Debug|x64
		{428F24DF-BF14-4FF9-9739-25A003D78CBE}.Release|x64.ActiveCfg = Release|x64
		{428F24DF-BF14-4FF9-9739-25A003D78CBE}.Release|x64.Build.0 = Release|x64
		{B12702AD-ABFB-343A-A199-8E24837244A3}.Debug|x64.ActiveCfg = Debug|x64
		{B12702AD-ABFB-343A-A199-8E24837244A3}.Debug|x64.Build.0 = Debug|x64
		{B12702AD-ABFB-343A-A199-8E24837244A3}.Release|x64.ActiveCfg = Release|x64
		{B12702AD-ABFB-343A-A199-8E24837244A3}.Release|x64.Build.0 = Release|x64
		{73B4FCF6-3D25-4E9B-A3B7-6F3B4E908D6E}.Debug|x64.ActiveCfg = Debug|x64
		{73B4FCF6-3D25-4E9B-A3B7-6F3B4E908D6E}.Debug|x64.Build.0 = Debug|x64
		{73B4FCF6-3D25-4E9B-A3B7-6F3B4E908D6E}.Release|x64.ActiveCfg = Release|x64
		{73B4FCF6-3D25-4E9B-A3B7-6F3B4E908D6E}.Release|x64.Build.0 = Release|x64
		{390E3B70-1B01-4183-A646-8DF446C6B651}.Debug|x64.ActiveCfg = Debug|x64
		{390E3B70-1B01-4183-A646-8DF446C6B651}.Debug|x64.Build.0 = Debug|x64
		{390E3B70-1B01-4183-A646-8DF446C6B651}.Release|x64.ActiveCfg = Release|x64
		{390E3B70-1B01-4183-A646-8DF446C6B651}.Release|x64.Build.0 = Release|x64
		{B1C6AC41-B234-4BBF-B3E2-53F37F1D0781}.Debug|x64.ActiveCfg = Debug|x64
		{B1C6AC41-B234-4BBF-B3E2-53F37F1D0781}.Debug|x64.Build.0 = Debug|x64
		{B1C6AC41-B234-4BBF-B3E2-53F37F1D0781}.Release|x64.ActiveCfg = Release|x64
		{B1C6AC41-B234-4BBF-B3E2-53F37F1D0781}.Release|x64.Build.0 = Release|x64
		{3EAB3878-F8CD-4293-A96E-CEED7F45DDDF}.Debug|x64.ActiveCfg = Debug|x64
		{3EAB3878-F8CD-4293-A96E-CEED7F45DDDF}.Debug|x64.Build.0 = Debug|x64
		{3EAB3878-F8CD-4293-A96E-CEED7F45DDDF}.Release|x64.ActiveCfg = Release|x64
		{3EAB3878-F8CD-4293-A96E-CEED7F45DDDF}.Release|x64.Build.0 = Release|x64
		{34197AA7-AABC-4B67-8463-B6A99C14005E}.Debug|x64.ActiveCfg = Debug|x64
		{34197AA7-AABC-4B67-8463-B6A99C14005E}.Debug|x64.Build.0 = Debug|x64
		{34197AA7-AABC-4B67-8463-B6A99C14005E}.Release|x64.ActiveCfg = Release|x64
		{34197AA7-AABC-4B67-8463-B6A99C14005E}.Release|x64.Build.0 = Release|x64
		{DA8B8971-C00B-4629-AB99-A6AED2965E09}.Debug|x64.ActiveCfg = Debug|x64
		{DA8B8971-C00B-4629-AB99-A6AED2965E09}.Debug|x64.Build.0 = Debug|x64
		{DA8B8971-C00B-4629-AB99-A6AED2965E09}.Release|x64.ActiveCfg = Release|x64
		{DA8B8971-C00B-4629-AB99-A6AED2965E09}.Release|x64.Build.0 = Release|x64
		{D0582D03-0861-49E3-BB2B-9AEDEA1A7BAB}.Debug|x64.ActiveCfg = Debug|x64
		{D0582D03-0861-49E3-BB2B-9AEDEA1A7BAB}.Debug|x64.Build.0 = Debug|x64
		{D0582D03-0861-49E3-BB2B-9AEDEA1A7BAB}.Release|x64.ActiveCfg = Release|x64
		{D0582D03-0861-49E3-BB2B-9AEDEA1A7BAB}.Release|x64.Build.0 = Release|x64
		{F984C638-D38F-4633-98CF-645F367E41BA}.Debug|x64.ActiveCfg = Debug|x64
		{F984C638-D38F-4633-98CF-645F367E41BA}.Debug|x64.Build.0 = Debug|x64
		{F984C638-D38F-4633-98CF-645F367E41BA}.Release|x64.ActiveCfg = Release|x64
		{F984C638-D38F-4633-98CF-645F367E41BA}.Release|x64.Build.0 = Release|x64
		{4B843DCB-2532-4A99-A1B0-BCE3194A303C}.Debug|x64.ActiveCfg = Debug|x64
		{4B843DCB-2532-4A99-A1B0-BCE3194A303C}.Debug|x64.Build.0 = Debug|x64
		{4B843DCB-2532-4A99-A1B0-BCE3194A303C}.Release|x64.ActiveCfg = Release|x64
		{4B843DCB-2532-4A99-A1B0-BCE3194A303C}.Release|x64.Build.0 = Release|x64
		{F2936B6B-3137-4B04-BE80-C4CDB383D7A2}.Debug|x64.ActiveCfg = Debug|x64
		{F2936B6B-3137-4B04-BE80-C4CDB383D7A2}.Debug|x64.Build.0 = Debug|x64
		{F2936B6B-3137-4B04-BE80-C4CDB383D7A2}.Release|x64.ActiveCfg = Release|x64
		{F2936B6B-3137-4B04-BE80-C4CDB383D7A2}.Release|x64.Build.0 = Release|x64
		{DC7428AD-0DEC-45F2-A95E-F2D4F4DA0DC5}.Debug|x64.ActiveCfg = Debug|x64
		{DC7428AD-0DEC-45F2-A95E-F2D4F4DA0DC5}.Debug|x64.Build.0 = Debug|x64
		{DC7428AD-0DEC-45F2-A95E-F2D4F4DA0DC5}.Release|x64.ActiveCfg = Release|x64
		{DC7428AD-0DEC-45F2-A95E-F2D4F4DA0DC5}.Release|x64.Build.0 = Release|x64
		{0D791835-45F7-418E-8F20-14B64224D09F}.Debug|x64.ActiveCfg = Debug|x64
		{0D791835-45F7-418E-8F20-14B64224D09F}.Debug|x64.Build.0 = Debug|x64
		{0D791835-45F7-418E-8F20-14B64224D09F}.Release|x64.ActiveCfg = Release|x64
		{0D791835-45F7-418E-8F20-14B64224D09F}.Release|x64.Build.0 = Release|x64
		{289C56BB-4EC6-4097-B52D-CABD821AF423}.Debug|x64.ActiveCfg = Debug|x64
		{289C56BB-4EC6-4097-B52D-CABD821AF423}.Debug|x64.Build.0 = Debug|x64
		{289C56BB-4EC6-4097-B52D-CABD821AF423}.Release|x64.ActiveCfg = Release|x64
		{289C56BB-4EC6-4097-B52D-CABD821AF423}.Release|x64.Build.0 = Release|x64
		{229C56BB-4EC6-4097-B52D-CABA121AF420}.Debug|x64.ActiveCfg = Debug|x64
		{229C56BB-4EC6-4097-B52D-CABA121AF420}.Debug|x64.Build.0 = Debug|x64
		{229C56BB-4EC6-4097-B52D-CABA121AF420}.Release|x64.ActiveCfg = Release|x64
		{229C56BB-4EC6-4097-B52D-CABA121AF420}.Release|x64.Build.0 = Release|x64
		{823D43F3-A560-4DF2-98FB-F8BFD2601D43}.Debug|x64.ActiveCfg = Debug|x64
		{823D43F3-A560-4DF2-98FB-F8BFD2601D43}.Debug|x64.Build.0 = Debug|x64
		{823D43F3-A560-4DF2-98FB-F8BFD2601D43}.Release|x64.ActiveCfg = Release|x64
		{823D43F3-A560-4DF2-98FB-F8BFD2601D43}.Release|x64.Build.0 = Release|x64
		{289C56BB-4EC6-4097-B52D-CABA823AF420}.Debug|x64.ActiveCfg = Debug|x64
		{289C56BB-4EC6-4097-B52D-CABA823AF420}.Debug|x64.Build.0 = Debug|x64
		{289C56BB-4EC6-4097-B52D-CABA823AF420}.Release|x64.ActiveCfg = Release|x64
		{289C56BB-4EC6-4097-B52D-CABA823AF420}.Release|x64.Build.0 = Release|x64
		{EE5A57E1-673B-41F9-92A6-F33B796E89C3}.Debug|x64.ActiveCfg = Debug|x64
		{EE5A57E1-673B-41F9-92A6-F33B796E89C3}.Debug|x64.Build.0 = Debug|x64
		{EE5A57E1-673B-41F9-92A6-F33B796E89C3}.Release|x64.ActiveCfg = Release|x64
		{EE5A57E1-673B-41F9-92A6-F33B796E89C3}.Release|x64.Build.0 = Release|x64
		{7CB06D2D-8362-4EA1-9ADA-12E19A720AAD}.Debug|x64.ActiveCfg = Debug|x64
		{7CB06D2D-8362-4EA1-9ADA-12E19A720AAD}.Debug|x64.Build.0 = Debug|x64
		{7CB06D2D-8362-4EA1-9ADA-12E19A720AAD}.Release|x64.ActiveCfg = Release|x64
		{7CB06D2D-8362-4EA1-9ADA-12E19A720AAD}.Release|x64.Build.0 = Release|x64
		{4359BFBC-3A46-474E-8D1C-5E678C96EA33}.Debug|x64.ActiveCfg = Debug|x64
		{4359BFBC-3A46-474E-8D1C-5E678C96EA33}.Debug|x64.Build.0 = Debug|x64
		{4359BFBC-3A46-474E-8D1C-5E678C96EA33}.Release|x64.ActiveCfg = Release|x64
		{4359BFBC-3A46-474E-8D1C-5E678C96EA33}.Release|x64.Build.0 = Release|x64
		{5C3690FA-B69B-40DD-A380-0FB674B6DE6E}.Debug|x64.ActiveCfg = Debug|x64
		{5C3690FA-B69B-40DD-A380-0FB674B6DE6E}.Debug|x64.Build.0 = Debug|x64
		{5C3690FA-B69B-40DD-A380-0FB674B6DE6E}.Release|x64.ActiveCfg = Release|x64
		{5C3690FA-B69B-40DD-A380-0FB674B6DE6E}.Release|x64.Build.0 = Release|x64
		{739E5585-3715-40AA-99FB-AB1ADB2E2DC3}.Debug|x64.ActiveCfg = Debug|x64
		{739E5585-3715-40AA-99FB-AB1ADB2E2DC3}.Debug|x64.Build.0 = Debug|x64
		{739E5585-3715-40AA-99FB-AB1ADB2E2DC3}.Release|x64.ActiveCfg = Release|x64
		{739E5585-3715-40AA-99FB-AB1ADB2E2DC3}.Release|x64.Build.0 = Release|x64
		{24F35BD5-786F-4F75-8450-8FEB8D97AC12}.Debug|x64.ActiveCfg = Debug|x64
		{24F35BD5-786F-4F75-8450-8FEB8D97AC12}.Debug|x64.Build.0 = Debug|x64
		{24F35BD5-786F-4F75-8450-8FEB8D97AC12}.Release|x64.ActiveCfg = Release|x64
		{24F35BD5-786F-4F75-8450-8FEB8D97AC12}.Release|x64.Build.0 = Release|x64
		{436428F0-1018-47A2-B055-F2079B53DDF4}.Debug|x64.ActiveCfg = Debug|x64
		{436428F0-1018-47A2-B055-F2079B53DDF4}.Debug|x64.Build.0 = Debug|x64
		{436428F0-1018-47A2-B055-F2079B53DDF4}.Release|x64.ActiveCfg = Release|x64
		{436428F0-1018-47A2-B055-F2079B53DDF4}.Release|x64.Build.0 = Release|x64
		{B6D40BF0-EE28-4396-AA29-264153415498}.Debug|x64.ActiveCfg = Debug|x64
		{B6D40BF0-EE28-4396-AA29-264153415498}.Debug|x64.Build.0 = Debug|x64
		{B6D40BF0-EE28-4396-AA29-264153415498}.Release|x64.ActiveCfg = Release|x64
		{B6D40BF0-EE28-4396-AA29-264153415498}.Release|x64.Build.0 = Release|x64
		{448B6049-5D64-4F31-BE4F-73E480AFE80B}.Debug|x64.ActiveCfg = Debug|x64
		{448B6049-5D64-4F31-BE4F-73E480AFE80B}.Debug|x64.Build.0 = Debug|x64
		{448B6049-5D64-4F31-BE4F-73E480AFE80B}.Release|x64.ActiveCfg = Release|x64
		{448B6049-5D64-4F31-BE4F-73E480AFE80B}.Release|x64.Build.0 = Release|x64
		{289C56BB-4EC6-4097-B52D-CA0000000000}.Debug|x64.ActiveCfg = Debug|x64
		{289C56BB-4EC6-4097-B52D-CA0000000000}.Debug|x64.Build.0 = Debug|x64
		{289C56BB-4EC6-4097-B52D-CA0000000000}.Release|x64.ActiveCfg = Release|x64
		{289C56BB-4EC6-4097-B52D-CA0000000000}.Release|x64.Build.0 = Release|x64
		{35F3DF74-AC00-4849-9360-4C17860ACAA6}.Debug|x64.ActiveCfg = Debug|x64
		{35F3DF74-AC00-4849-9360-4C17860ACAA6}.Debug|x64.Build.0 = Debug|x64
		{35F3DF74-AC00-4849-9360-4C17860ACAA6}.Release|x64.ActiveCfg = Release|x64
		{35F3DF74-AC00-4849-9360-4C17860ACAA6}.Release|x64.Build.0 = Release|x64
		{DF0D11C1-A321-4A44-A00E-4913FB446A00}.Debug|x64.ActiveCfg = Debug|x64
		{DF0D11C1-A321-4A44-A00E-4913FB446A00}.Debug|x64.Build.0 = Debug|x64
		{DF0D11C1-A321-4A44-A00E-4913FB446A00}.Release|x64.ActiveCfg = Release|x64
		{DF0D11C1-A321-4A44-A00E-4913FB446A00}.Release|x64.Build.0 = Release|x64
		{350017DB-C7A2-438A-AAA7-D7C58D3D3270}.Debug|x64.ActiveCfg = Debug|x64
		{350017DB-C7A2-438A-AAA7-D7C58D3D3270}.Debug|x64.Build.0 = Debug|x64
		{350017DB-C7A2-438A-AAA7-D7C58D3D3270}.Release|x64.ActiveCfg = Release|x64
		{350017DB-C7A2-438A-AAA7-D7C58D3D3270}.Release|x64.Build.0 = Release|x64
		{F984C638-D38F-4633-11CF-645F367E41BA}.Debug|x64.ActiveCfg = Debug|x64
		{F984C638-D38F-4633-11CF-645F367E41BA}.Debug|x64.Build.0 = Debug|x64
		{F984C638-D38F-4633-11CF-645F367E41BA}.Release|x64.ActiveCfg = Release|x64
		{F984C638-D38F-4633-11CF-645F367E41BA}.Release|x64.Build.0 = Release|x64
		{289C56BB-4EC6-4097-B32D-CABA821AF423}.Debug|x64.ActiveCfg = Debug|x64
		{289C56BB-4EC6-4097-B32D-CABA821AF423}.Debug|x64.Build.0 = Debug|x64
		{289C56BB-4EC6-4097-B32D-CABA821AF423}.Release|x64.ActiveCfg = Release|x64
		{289C56BB-4EC6-4097-B32D-CABA821AF423}.Release|x64.Build.0 = Release|x64
		{01050349-6088-461C-9C0F-0B233EBCD2EC}.Debug|x64.ActiveCfg = Debug|x64
		{01050349-6088-461C-9C0F-0B233EBCD2EC}.Release|x64.ActiveCfg = Release|x64
		{DF0D11C1-A321-4A44-A00E-4933FB4469C4}.Debug|x64.ActiveCfg = Debug|x64
		{DF0D11C1-A321-4A44-A00E-4933FB4469C4}.Debug|x64.Build.0 = Debug|x64
		{DF0D11C1-A321-4A44-A00E-4933FB4469C4}.Release|x64.ActiveCfg = Release|x64
		{DF0D11C1-A321-4A44-A00E-4933FB4469C4}.Release|x64.Build.0 = Release|x64
		{9588E644-BAD1-4B67-9BA2-12E3D29B4AE6}.Debug|x64.ActiveCfg = Debug|x64
		{9588E644-BAD1-4B67-9BA2-12E3D29B4AE6}.Release|x64.ActiveCfg = Release|x64
		{E5C6B68E-0CE5-467C-84BE-18F2F617475E}.Debug|x64.ActiveCfg = Debug|x64
		{E5C6B68E-0CE5-467C-84BE-18F2F617475E}.Debug|x64.Build.0 = Debug|x64
		{E5C6B68E-0CE5-467C-84BE-18F2F617475E}.Release|x64.ActiveCfg = Release|x64
		{E5C6B68E-0CE5-467C-84BE-18F2F617475E}.Release|x64.Build.0 = Release|x64
		{289C56BB-4EC6-4097-B52D-CABA821DF423}.Debug|x64.ActiveCfg = Debug|x64
		{289C56BB-4EC6-4097-B52D-CABA821DF423}.Debug|x64.Build.0 = Debug|x64
		{289C56BB-4EC6-4097-B52D-CABA821DF423}.Release|x64.ActiveCfg = Release|x64
		{289C56BB-4EC6-4097-B52D-CABA821DF423}.Release|x64.Build.0 = Release|x64
		{F984C638-D38F-4633-DDCF-645F367E41BA}.Debug|x64.ActiveCfg = Debug|x64
		{F984C638-D38F-4633-DDCF-645F367E41BA}.Debug|x64.Build.0 = Debug|x64
		{F984C638-D38F-4633-DDCF-645F367E41BA}.Release|x64.ActiveCfg = Release|x64
		{F984C638-D38F-4633-DDCF-645F367E41BA}.Release|x64.Build.0 = Release|x64
		{318C46E8-E68A-4A86-B9B8-E77E458F44E8}.Debug|x64.ActiveCfg = Debug|x64
		{318C46E8-E68A-4A86-B9B8-E77E458F44E8}.Debug|x64.Build.0 = Debug|x64
		{318C46E8-E68A-4A86-B9B8-E77E458F44E8}.Release|x64.ActiveCfg = Release|x64
		{318C46E8-E68A-4A86-B9B8-E77E458F44E8}.Release|x64.Build.0 = Release|x64
		{24901618-EAD9-41D2-9E4F-98E1BE647C4F}.Debug|x64.ActiveCfg = Debug|x64
		{24901618-EAD9-41D2-9E4F-98E1BE647C4F}.Debug|x64.Build.0 = Debug|x64
		{24901618-EAD9-41D2-9E4F-98E1BE647C4F}.Release|x64.ActiveCfg = Release|x64
		{24901618-EAD9-41D2-9E4F-98E1BE647C4F}.Release|x64.Build.0 = Release|x64
	EndGlobalSection
	GlobalSection(SolutionProperties) = preSolution
		HideSolutionNode = FALSE
	EndGlobalSection
	GlobalSection(NestedProjects) = preSolution
		{7E3F30C4-4535-44E6-BEEB-5C1D947CAF80} = {CF207ACD-55F5-473F-A55E-DAD50E03E04B}
		{14F35BD5-786F-4F75-8450-8FEB8D97AC12} = {CF207ACD-55F5-473F-A55E-DAD50E03E04B}
		{739E5585-3715-40EA-99FB-AB1ADB2E2DC3} = {CF207ACD-55F5-473F-A55E-DAD50E03E04B}
		{289C56BB-4EC6-4097-B52D-CABA821AF420} = {E52AF4AC-B0DC-412B-870B-592B9A4DE75A}
		{289C56BB-4EC6-4097-B52D-CABA821AF423} = {849FA728-0478-490C-B2EF-EB552223CF5D}
		{0D791835-45F7-418E-8F70-14B64224D09F} = {52275255-9D02-4EDF-8282-97587CAB3401}
		{289C56BB-4EC6-4097-B52D-CABA82000000} = {5ACD3949-30DC-415F-8EFE-D7671BB252ED}
		{289C56BB-4EC6-4097-B52D-CABA82AD3423} = {849FA728-0478-490C-B2EF-EB552223CF5D}
		{14F35BD5-786F-4F75-8450-8FEB8D9FFC12} = {CF207ACD-55F5-473F-A55E-DAD50E03E04B}
		{2EF32648-DB44-4A95-82C1-2931AF3674BC} = {CF207ACD-55F5-473F-A55E-DAD50E03E04B}
		{B6D40BF0-EE28-4396-AF29-264153415498} = {CF207ACD-55F5-473F-A55E-DAD50E03E04B}
		{600A2FC6-C6F3-4579-BA6F-434F8C78BAD0} = {498CEC08-C4D5-4383-A966-F94061EC7112}
		{600A2FC6-C6F3-4579-BA6F-434F8C78B9D0} = {498CEC08-C4D5-4383-A966-F94061EC7112}
		{3EE95952-CF82-4C58-BB13-A471932B22C2} = {498CEC08-C4D5-4383-A966-F94061EC7112}
		{289C56BB-4EC6-4097-B52D-CABFF21AF423} = {849FA728-0478-490C-B2EF-EB552223CF5D}
		{D6D4B2C4-3F0E-4A61-A21A-DD3C99A0586F} = {A1C1AD59-0295-4FEB-A4E3-A6E37B83EDE3}
		{D6D4B2C4-3F0E-4A61-A21A-DD3C99AB586F} = {A1C1AD59-0295-4FEB-A4E3-A6E37B83EDE3}
		{D6D4B2C4-3F0E-4B61-A21A-DD3C99AB586F} = {A1C1AD59-0295-4FEB-A4E3-A6E37B83EDE3}
		{AC2328E4-BA49-46D6-B75B-86841416B50F} = {A1C1AD59-0295-4FEB-A4E3-A6E37B83EDE3}
		{408CD18F-EC70-42CD-915B-1D9ECFCB0E9F} = {A1C1AD59-0295-4FEB-A4E3-A6E37B83EDE3}
		{59AB9A65-F926-4562-A643-853F46BE133A} = {A1C1AD59-0295-4FEB-A4E3-A6E37B83EDE3}
		{496EC4C3-5BE7-4EB9-BE8D-4C4B4DDF63B3} = {A1C1AD59-0295-4FEB-A4E3-A6E37B83EDE3}
		{CFB61E05-DD7A-4AF9-B0C9-C4001319F6E3} = {A1C1AD59-0295-4FEB-A4E3-A6E37B83EDE3}
		{D6D4B2C4-3F0E-4A61-A21A-DD3C99F0586F} = {A1C1AD59-0295-4FEB-A4E3-A6E37B83EDE3}
		{451612C8-D384-43BB-BAA3-1446721FEB70} = {CF207ACD-55F5-473F-A55E-DAD50E03E04B}
		{100E46C2-1212-4082-B4A8-0BE8407A9009} = {E52AF4AC-B0DC-412B-870B-592B9A4DE75A}
		{8377EE15-B097-463C-AA11-9548C90E9752} = {849FA728-0478-490C-B2EF-EB552223CF5D}
		{224CC610-A6AB-42C6-A043-FC7A87F38AD8} = {52275255-9D02-4EDF-8282-97587CAB3401}
		{289C56BB-4EC6-4D97-B52D-CABA821AF420} = {E52AF4AC-B0DC-412B-870B-592B9A4DE75A}
		{AB81EC9D-4A95-4277-B113-9B610C10BFB7} = {A1C1AD59-0295-4FEB-A4E3-A6E37B83EDE3}
		{849FA728-0478-490C-B2EF-EB552223CF5D} = {8B6E2B33-83F1-4E2F-8DCD-DECB88995344}
		{52275255-9D02-4EDF-8282-97587CAB3401} = {8B6E2B33-83F1-4E2F-8DCD-DECB88995344}
		{E52AF4AC-B0DC-412B-870B-592B9A4DE75A} = {8B6E2B33-83F1-4E2F-8DCD-DECB88995344}
		{DF0D11C1-A321-4A44-A00E-4913FB4469C4} = {2CAD47D8-EF48-4A21-98D1-6070D427A87A}
		{8EB7463E-01FA-4D9B-AEFD-782412D78A5E} = {849FA728-0478-490C-B2EF-EB552223CF5D}
		{428F24DF-BF14-4FF9-9739-25A003D78CBE} = {52275255-9D02-4EDF-8282-97587CAB3401}
		{2CAD47D8-EF48-4A21-98D1-6070D427A87A} = {8B6E2B33-83F1-4E2F-8DCD-DECB88995344}
		{B12702AD-ABFB-343A-A199-8E24837244A3} = {A1C1AD59-0295-4FEB-A4E3-A6E37B83EDE3}
		{5ACD3949-30DC-415F-8EFE-D7671BB252ED} = {8B6E2B33-83F1-4E2F-8DCD-DECB88995344}
		{73B4FCF6-3D25-4E9B-A3B7-6F3B4E908D6E} = {A1C1AD59-0295-4FEB-A4E3-A6E37B83EDE3}
		{390E3B70-1B01-4183-A646-8DF446C6B651} = {A1C1AD59-0295-4FEB-A4E3-A6E37B83EDE3}
		{B1C6AC41-B234-4BBF-B3E2-53F37F1D0781} = {A1C1AD59-0295-4FEB-A4E3-A6E37B83EDE3}
		{3EAB3878-F8CD-4293-A96E-CEED7F45DDDF} = {A1C1AD59-0295-4FEB-A4E3-A6E37B83EDE3}
		{34197AA7-AABC-4B67-8463-B6A99C14005E} = {A1C1AD59-0295-4FEB-A4E3-A6E37B83EDE3}
		{DA8B8971-C00B-4629-AB99-A6AED2965E09} = {A1C1AD59-0295-4FEB-A4E3-A6E37B83EDE3}
		{D0582D03-0861-49E3-BB2B-9AEDEA1A7BAB} = {A1C1AD59-0295-4FEB-A4E3-A6E37B83EDE3}
		{2BB3918B-61F4-4D6B-BD66-F255D70063A7} = {8B6E2B33-83F1-4E2F-8DCD-DECB88995344}
		{F984C638-D38F-4633-98CF-645F367E41BA} = {E52AF4AC-B0DC-412B-870B-592B9A4DE75A}
		{4B843DCB-2532-4A99-A1B0-BCE3194A303C} = {849FA728-0478-490C-B2EF-EB552223CF5D}
		{F2936B6B-3137-4B04-BE80-C4CDB383D7A2} = {52275255-9D02-4EDF-8282-97587CAB3401}
		{DC7428AD-0DEC-45F2-A95E-F2D4F4DA0DC5} = {849FA728-0478-490C-B2EF-EB552223CF5D}
		{0D791835-45F7-418E-8F20-14B64224D09F} = {52275255-9D02-4EDF-8282-97587CAB3401}
		{289C56BB-4EC6-4097-B52D-CABD821AF423} = {849FA728-0478-490C-B2EF-EB552223CF5D}
		{229C56BB-4EC6-4097-B52D-CABA121AF420} = {E52AF4AC-B0DC-412B-870B-592B9A4DE75A}
		{823D43F3-A560-4DF2-98FB-F8BFD2601D43} = {CF207ACD-55F5-473F-A55E-DAD50E03E04B}
		{289C56BB-4EC6-4097-B52D-CABA823AF420} = {E52AF4AC-B0DC-412B-870B-592B9A4DE75A}
		{EE5A57E1-673B-41F9-92A6-F33B796E89C3} = {2BB3918B-61F4-4D6B-BD66-F255D70063A7}
		{7CB06D2D-8362-4EA1-9ADA-12E19A720AAD} = {2BB3918B-61F4-4D6B-BD66-F255D70063A7}
		{4359BFBC-3A46-474E-8D1C-5E678C96EA33} = {2BB3918B-61F4-4D6B-BD66-F255D70063A7}
		{5C3690FA-B69B-40DD-A380-0FB674B6DE6E} = {2BB3918B-61F4-4D6B-BD66-F255D70063A7}
		{739E5585-3715-40AA-99FB-AB1ADB2E2DC3} = {CF207ACD-55F5-473F-A55E-DAD50E03E04B}
		{24F35BD5-786F-4F75-8450-8FEB8D97AC12} = {CF207ACD-55F5-473F-A55E-DAD50E03E04B}
		{436428F0-1018-47A2-B055-F2079B53DDF4} = {CF207ACD-55F5-473F-A55E-DAD50E03E04B}
		{B6D40BF0-EE28-4396-AA29-264153415498} = {CF207ACD-55F5-473F-A55E-DAD50E03E04B}
		{448B6049-5D64-4F31-BE4F-73E480AFE80B} = {CF207ACD-55F5-473F-A55E-DAD50E03E04B}
		{289C56BB-4EC6-4097-B52D-CA0000000000} = {849FA728-0478-490C-B2EF-EB552223CF5D}
		{35F3DF74-AC00-4849-9360-4C17860ACAA6} = {849FA728-0478-490C-B2EF-EB552223CF5D}
		{DF0D11C1-A321-4A44-A00E-4913FB446A00} = {2CAD47D8-EF48-4A21-98D1-6070D427A87A}
		{350017DB-C7A2-438A-AAA7-D7C58D3D3270} = {E52AF4AC-B0DC-412B-870B-592B9A4DE75A}
		{F984C638-D38F-4633-11CF-645F367E41BA} = {E52AF4AC-B0DC-412B-870B-592B9A4DE75A}
		{289C56BB-4EC6-4097-B32D-CABA821AF423} = {849FA728-0478-490C-B2EF-EB552223CF5D}
		{01050349-6088-461C-9C0F-0B233EBCD2EC} = {2C3C02E8-3C02-4A3B-8C7E-4E3D23C96B2A}
		{DF0D11C1-A321-4A44-A00E-4933FB4469C4} = {2CAD47D8-EF48-4A21-98D1-6070D427A87A}
		{9588E644-BAD1-4B67-9BA2-12E3D29B4AE6} = {2C3C02E8-3C02-4A3B-8C7E-4E3D23C96B2A}
		{E5C6B68E-0CE5-467C-84BE-18F2F617475E} = {2CAD47D8-EF48-4A21-98D1-6070D427A87A}
		{289C56BB-4EC6-4097-B52D-CABA821DF423} = {849FA728-0478-490C-B2EF-EB552223CF5D}
		{F984C638-D38F-4633-DDCF-645F367E41BA} = {E52AF4AC-B0DC-412B-870B-592B9A4DE75A}
		{318C46E8-E68A-4A86-B9B8-E77E458F44E8} = {52275255-9D02-4EDF-8282-97587CAB3401}
		{24901618-EAD9-41D2-9E4F-98E1BE647C4F} = {E52AF4AC-B0DC-412B-870B-592B9A4DE75A}
	EndGlobalSection
	GlobalSection(ExtensibilityGlobals) = postSolution
		SolutionGuid = {B4449610-1D23-4C62-8325-77B5FA1A2520}
		Qt5Version = msvc2019_64
	EndGlobalSection
EndGlobal
