<?xml version="1.0" encoding="utf-8"?>
<Project ToolsVersion="4.0" xmlns="http://schemas.microsoft.com/developer/msbuild/2003">
  <ItemGroup>
    <Filter Include="Form Files">
      <UniqueIdentifier>{1f8274e2-d28a-4855-8ab6-afc8552eca24}</UniqueIdentifier>
    </Filter>
    <Filter Include="Header Files">
      <UniqueIdentifier>{6cbad518-2681-4fbe-800f-459092fdcc1b}</UniqueIdentifier>
    </Filter>
    <Filter Include="Source Files">
      <UniqueIdentifier>{7d04466d-263c-41dc-8ec4-f000eac75df1}</UniqueIdentifier>
    </Filter>
  </ItemGroup>
  <ItemGroup>
    <QtUic Include="MaterialsDatabaseTab.ui">
      <Filter>Form Files</Filter>
    </QtUic>
    <QtMoc Include="MaterialsDatabaseTab.h">
      <Filter>Header Files</Filter>
    </QtMoc>
  </ItemGroup>
  <ItemGroup>
    <ClInclude Include="MaterialsDatabaseLocalTab.h">
      <Filter>Header Files</Filter>
    </ClInclude>
  </ItemGroup>
  <ItemGroup>
    <ClCompile Include="MaterialsDatabaseTab.cpp">
      <Filter>Source Files</Filter>
    </ClCompile>
    <ClCompile Include="MaterialsDatabaseLocalTab.cpp">
      <Filter>Source Files</Filter>
    </ClCompile>
  </ItemGroup>
</Project>