<?xml version="1.0" encoding="utf-8"?>
<Project ToolsVersion="4.0" xmlns="http://schemas.microsoft.com/developer/msbuild/2003">
  <ItemGroup>
    <Filter Include="Source Files">
      <UniqueIdentifier>{4FC737F1-C7A5-4376-A066-2A32D752A2FF}</UniqueIdentifier>
      <Extensions>cpp;cxx;c;def</Extensions>
    </Filter>
    <Filter Include="Header Files">
      <UniqueIdentifier>{93995380-89BD-4b04-88EB-625FBE52EBFB}</UniqueIdentifier>
      <Extensions>h</Extensions>
    </Filter>
    <Filter Include="Form Files">
      <UniqueIdentifier>{99349809-55BA-4b9d-BF79-8FDBB0286EB3}</UniqueIdentifier>
      <Extensions>ui</Extensions>
    </Filter>
  </ItemGroup>
  <ItemGroup>
    <ClCompile Include="QtTable.cpp">
      <Filter>Source Files</Filter>
    </ClCompile>
    <ClCompile Include="QtSignalBlocker.cpp">
      <Filter>Source Files</Filter>
    </ClCompile>
    <ClCompile Include="QtList.cpp">
      <Filter>Source Files</Filter>
    </ClCompile>
    <ClCompile Include="ColorView.cpp">
      <Filter>Source Files</Filter>
    </ClCompile>
    <ClCompile Include="QtDoubleSpinBox.cpp">
      <Filter>Source Files</Filter>
    </ClCompile>
    <ClCompile Include="TableItemSpinBox.cpp">
      <Filter>Source Files</Filter>
    </ClCompile>
    <ClCompile Include="QtTree.cpp">
      <Filter>Source Files</Filter>
    </ClCompile>
    <ClCompile Include="QtListSpinBox.cpp">
      <Filter>Source Files</Filter>
    </ClCompile>
  </ItemGroup>
  <ItemGroup>
    <QtMoc Include="QtTable.h">
      <Filter>Header Files</Filter>
    </QtMoc>
    <QtMoc Include="QtList.h">
      <Filter>Header Files</Filter>
    </QtMoc>
    <QtMoc Include="ColorView.h">
      <Filter>Header Files</Filter>
    </QtMoc>
    <QtMoc Include="QtDoubleSpinBox.h">
      <Filter>Header Files</Filter>
    </QtMoc>
    <QtMoc Include="TableItemSpinBox.h">
      <Filter>Header Files</Filter>
    </QtMoc>
    <QtMoc Include="QtListSpinBox.h">
      <Filter>Header Files</Filter>
    </QtMoc>
  </ItemGroup>
  <ItemGroup>
    <ClInclude Include="QtSignalBlocker.h">
      <Filter>Header Files</Filter>
    </ClInclude>
    <ClInclude Include="QtTree.h">
      <Filter>Header Files</Filter>
    </ClInclude>
  </ItemGroup>
</Project>