<?xml version="1.0" encoding="utf-8"?>
<Project ToolsVersion="4.0" xmlns="http://schemas.microsoft.com/developer/msbuild/2003">
  <ItemGroup>
    <ClCompile Include="CollisionsCalculator.cpp">
      <Filter>Source Files</Filter>
    </ClCompile>
    <ClCompile Include="BaseSimulator.cpp">
      <Filter>Source Files</Filter>
    </ClCompile>
    <ClCompile Include="CPUSimulator.cpp">
      <Filter>Source Files</Filter>
    </ClCompile>
    <ClCompile Include="SimulatorManager.cpp">
      <Filter>Source Files</Filter>
    </ClCompile>
    <ClCompile Include="GPUSimulator.cpp">
      <Filter>Source Files</Filter>
    </ClCompile>
  </ItemGroup>
  <ItemGroup>
    <ClInclude Include="CollisionsCalculator.h">
      <Filter>Header Files</Filter>
    </ClInclude>
    <ClInclude Include="BaseSimulator.h">
      <Filter>Header Files</Filter>
    </ClInclude>
    <ClInclude Include="CPUSimulator.h">
      <Filter>Header Files</Filter>
    </ClInclude>
    <ClInclude Include="GPUSimulator.h">
      <Filter>Header Files</Filter>
    </ClInclude>
    <ClInclude Include="SimulatorManager.h">
      <Filter>Header Files</Filter>
    </ClInclude>
    <ClInclude Include="GPUSimulator.cuh">
      <Filter>Header Files</Filter>
    </ClInclude>
    <ClInclude Include="CUDAKernels.cuh">
      <Filter>Header Files</Filter>
    </ClInclude>
  </ItemGroup>
  <ItemGroup>
    <Filter Include="Header Files">
      <UniqueIdentifier>{32c8aeeb-2c87-4aa5-8fba-45fdf8a261e5}</UniqueIdentifier>
      <Extensions>h;hpp;hxx;hm;inl;inc;xsd</Extensions>
    </Filter>
    <Filter Include="Source Files">
      <UniqueIdentifier>{ae055c73-3a42-48d9-a30f-7ed2716abd0e}</UniqueIdentifier>
      <Extensions>cpp;c;cc;cxx;def;odl;idl;hpj;bat;asm;asmx</Extensions>
    </Filter>
  </ItemGroup>
  <ItemGroup>
    <CudaCompile Include="GPUSimulator.cu">
      <Filter>Source Files</Filter>
    </CudaCompile>
    <CudaCompile Include="CUDAKernels.cu">
      <Filter>Source Files</Filter>
    </CudaCompile>
  </ItemGroup>
</Project>