
Microsoft Visual Studio Solution File, Format Version 12.00
# Visual Studio 15
VisualStudioVersion = 15.0.27004.2009
MinimumVisualStudioVersion = 10.0.40219.1
Project("{8BC9CEB8-8B4A-11D0-8D11-00A0C91BC942}") = "MUSEN_API", "MUSEN_API\MUSEN_API.vcxproj", "{C2538231-09B7-469C-8375-CEC61DAF8D55}"
EndProject
Project("{8BC9CEB8-8B4A-11D0-8D11-00A0C91BC942}") = "ModelPP", "Models\ModelPP\ModelPP.vcxproj", "{EE5A57E1-673B-41F9-92A6-F33B796E89C3}"
EndProject
Project("{8BC9CEB8-8B4A-11D0-8D11-00A0C91BC942}") = "ModelPW", "Models\ModelPW\ModelPW.vcxproj", "{4359BFBC-3A46-474E-8D1C-5E678C96EA33}"
EndProject
Project("{8BC9CEB8-8B4A-11D0-8D11-00A0C91BC942}") = "ModelSB", "Models\ModelSB\ModelSB.vcxproj", "{7CB06D2D-8362-4EA1-9ADA-12E19A720AAD}"
EndProject
Project("{8BC9CEB8-8B4A-11D0-8D11-00A0C91BC942}") = "ModelEF", "Models\ModelEF\ModelEF.vcxproj", "{5C3690FA-B69B-40DD-A380-0FB674B6DE6E}"
EndProject
Global
	GlobalSection(SolutionConfigurationPlatforms) = preSolution
		Debug|x64 = Debug|x64
		Release|x64 = Release|x64
	EndGlobalSection
	GlobalSection(ProjectConfigurationPlatforms) = postSolution
		{C2538231-09B7-469C-8375-CEC61DAF8D55}.Debug|x64.ActiveCfg = Debug|x64
		{C2538231-09B7-469C-8375-CEC61DAF8D55}.Debug|x64.Build.0 = Debug|x64
		{C2538231-09B7-469C-8375-CEC61DAF8D55}.Release|x64.ActiveCfg = Release|x64
		{C2538231-09B7-469C-8375-CEC61DAF8D55}.Release|x64.Build.0 = Release|x64
		{EE5A57E1-673B-41F9-92A6-F33B796E89C3}.Debug|x64.ActiveCfg = Debug|x64
		{EE5A57E1-673B-41F9-92A6-F33B796E89C3}.Debug|x64.Build.0 = Debug|x64
		{EE5A57E1-673B-41F9-92A6-F33B796E89C3}.Release|x64.ActiveCfg = Release|x64
		{EE5A57E1-673B-41F9-92A6-F33B796E89C3}.Release|x64.Build.0 = Release|x64
		{4359BFBC-3A46-474E-8D1C-5E678C96EA33}.Debug|x64.ActiveCfg = Debug|x64
		{4359BFBC-3A46-474E-8D1C-5E678C96EA33}.Debug|x64.Build.0 = Debug|x64
		{4359BFBC-3A46-474E-8D1C-5E678C96EA33}.Release|x64.ActiveCfg = Release|x64
		{4359BFBC-3A46-474E-8D1C-5E678C96EA33}.Release|x64.Build.0 = Release|x64
		{7CB06D2D-8362-4EA1-9ADA-12E19A720AAD}.Debug|x64.ActiveCfg = Debug|x64
		{7CB06D2D-8362-4EA1-9ADA-12E19A720AAD}.Debug|x64.Build.0 = Debug|x64
		{7CB06D2D-8362-4EA1-9ADA-12E19A720AAD}.Release|x64.ActiveCfg = Release|x64
		{7CB06D2D-8362-4EA1-9ADA-12E19A720AAD}.Release|x64.Build.0 = Release|x64
		{5C3690FA-B69B-40DD-A380-0FB674B6DE6E}.Debug|x64.ActiveCfg = Debug|x64
		{5C3690FA-B69B-40DD-A380-0FB674B6DE6E}.Debug|x64.Build.0 = Debug|x64
		{5C3690FA-B69B-40DD-A380-0FB674B6DE6E}.Release|x64.ActiveCfg = Release|x64
		{5C3690FA-B69B-40DD-A380-0FB674B6DE6E}.Release|x64.Build.0 = Release|x64
	EndGlobalSection
	GlobalSection(SolutionProperties) = preSolution
		HideSolutionNode = FALSE
	EndGlobalSection
	GlobalSection(ExtensibilityGlobals) = postSolution
		SolutionGuid = {2A085BD5-D09A-4998-89EB-266C36510CF7}
	EndGlobalSection
EndGlobal
