<?xml version="1.0" encoding="utf-8"?>
<Project ToolsVersion="4.0" xmlns="http://schemas.microsoft.com/developer/msbuild/2003">
  <ItemGroup>
    <Filter Include="Source Files">
      <UniqueIdentifier>{4FC737F1-C7A5-4376-A066-2A32D752A2FF}</UniqueIdentifier>
      <Extensions>cpp;c;cc;cxx;def;odl;idl;hpj;bat;asm;asmx</Extensions>
    </Filter>
    <Filter Include="Header Files">
      <UniqueIdentifier>{93995380-89BD-4b04-88EB-625FBE52EBFB}</UniqueIdentifier>
      <Extensions>h;hh;hpp;hxx;hm;inl;inc;xsd</Extensions>
    </Filter>
    <Filter Include="protobuf">
      <UniqueIdentifier>{67DA6AB6-F800-4c08-8B7A-83BB121AAD01}</UniqueIdentifier>
      <Extensions>rc;ico;cur;bmp;dlg;rc2;rct;bin;rgs;gif;jpg;jpeg;jpe;resx;tiff;tif;png;wav;mfcribbon-ms</Extensions>
    </Filter>
    <Filter Include="GeneratedFiles">
      <UniqueIdentifier>{60f80a41-dc7b-45c0-9616-9703b255aed8}</UniqueIdentifier>
    </Filter>
  </ItemGroup>
  <ItemGroup>
    <CustomBuild Include="SimulationDescription.proto">
      <Filter>protobuf</Filter>
    </CustomBuild>
  </ItemGroup>
  <ItemGroup>
    <ClCompile Include="DemStorage.cpp">
      <Filter>Source Files</Filter>
    </ClCompile>
    <ClCompile Include="CollisionsStorage.cpp">
      <Filter>Source Files</Filter>
    </ClCompile>
    <ClCompile Include="GeneratedFiles\SimulationDescription.pb.cc">
      <Filter>GeneratedFiles</Filter>
    </ClCompile>
    <ClCompile Include="ExportAsText.cpp">
      <Filter>Source Files</Filter>
    </ClCompile>
    <ClCompile Include="ImportFromText.cpp">
      <Filter>Source Files</Filter>
    </ClCompile>
    <ClCompile Include="MDEMFile.cpp">
      <Filter>Source Files</Filter>
    </ClCompile>
    <ClCompile Include="TimePointW.cpp">
      <Filter>Source Files</Filter>
    </ClCompile>
    <ClCompile Include="TimePointR.cpp">
      <Filter>Source Files</Filter>
    </ClCompile>
    <ClCompile Include="ClearSpecificTimePoints.cpp">
      <Filter>Source Files</Filter>
    </ClCompile>
    <ClCompile Include="FileHandler.cpp">
      <Filter>Source Files</Filter>
    </ClCompile>
  </ItemGroup>
  <ItemGroup>
    <ClInclude Include="DemStorage.h">
      <Filter>Header Files</Filter>
    </ClInclude>
    <ClInclude Include="CollisionsStorage.h">
      <Filter>Header Files</Filter>
    </ClInclude>
    <ClInclude Include="ProtoFunctions.h">
      <Filter>Header Files</Filter>
    </ClInclude>
    <ClInclude Include="GeneratedFiles\SimulationDescription.pb.h">
      <Filter>GeneratedFiles</Filter>
    </ClInclude>
    <ClInclude Include="ExportAsText.h">
      <Filter>Header Files</Filter>
    </ClInclude>
    <ClInclude Include="ImportFromText.h">
      <Filter>Header Files</Filter>
    </ClInclude>
    <ClInclude Include="MDEMFile.h">
      <Filter>Header Files</Filter>
    </ClInclude>
    <ClInclude Include="TimePointW.h">
      <Filter>Header Files</Filter>
    </ClInclude>
    <ClInclude Include="TimePointR.h">
      <Filter>Header Files</Filter>
    </ClInclude>
    <ClInclude Include="ExportAsTextMacro.h">
      <Filter>Header Files</Filter>
    </ClInclude>
    <ClInclude Include="ClearSpecificTimePoints.h">
      <Filter>Header Files</Filter>
    </ClInclude>
    <ClInclude Include="FileHandler.h">
      <Filter>Header Files</Filter>
    </ClInclude>
  </ItemGroup>
</Project>