<?xml version="1.0" encoding="utf-8"?>
<Project ToolsVersion="4.0" xmlns="http://schemas.microsoft.com/developer/msbuild/2003">
  <ItemGroup>
    <Filter Include="Source Files">
      <UniqueIdentifier>{4FC737F1-C7A5-4376-A066-2A32D752A2FF}</UniqueIdentifier>
      <Extensions>cpp;c;cc;cxx;def;odl;idl;hpj;bat;asm;asmx</Extensions>
    </Filter>
    <Filter Include="Header Files">
      <UniqueIdentifier>{93995380-89BD-4b04-88EB-625FBE52EBFB}</UniqueIdentifier>
      <Extensions>h;hh;hpp;hxx;hm;inl;inc;xsd</Extensions>
    </Filter>
    <Filter Include="Resource Files">
      <UniqueIdentifier>{67DA6AB6-F800-4c08-8B7A-83BB121AAD01}</UniqueIdentifier>
      <Extensions>rc;ico;cur;bmp;dlg;rc2;rct;bin;rgs;gif;jpg;jpeg;jpe;resx;tiff;tif;png;wav;mfcribbon-ms</Extensions>
    </Filter>
    <Filter Include="Protobuf">
      <UniqueIdentifier>{429a5b20-fde2-435a-90cf-27420b5dc393}</UniqueIdentifier>
    </Filter>
    <Filter Include="Generated Files">
      <UniqueIdentifier>{0076429f-4401-447c-992c-ed4c75373966}</UniqueIdentifier>
    </Filter>
  </ItemGroup>
  <ItemGroup>
    <ClCompile Include="BaseProperty.cpp">
      <Filter>Source Files</Filter>
    </ClCompile>
    <ClCompile Include="Compound.cpp">
      <Filter>Source Files</Filter>
    </ClCompile>
    <ClCompile Include="ConstProperty.cpp">
      <Filter>Source Files</Filter>
    </ClCompile>
    <ClCompile Include="Correlation.cpp">
      <Filter>Source Files</Filter>
    </ClCompile>
    <ClCompile Include="Interaction.cpp">
      <Filter>Source Files</Filter>
    </ClCompile>
    <ClCompile Include="MaterialsDatabase.cpp">
      <Filter>Source Files</Filter>
    </ClCompile>
    <ClCompile Include="Mixture.cpp">
      <Filter>Source Files</Filter>
    </ClCompile>
    <ClCompile Include="TPProperty.cpp">
      <Filter>Source Files</Filter>
    </ClCompile>
    <ClCompile Include="GeneratedFiles\MaterialsDatabase.pb.cc">
      <Filter>Generated Files</Filter>
    </ClCompile>
  </ItemGroup>
  <ItemGroup>
    <ClInclude Include="BaseProperty.h">
      <Filter>Header Files</Filter>
    </ClInclude>
    <ClInclude Include="Compound.h">
      <Filter>Header Files</Filter>
    </ClInclude>
    <ClInclude Include="ConstProperty.h">
      <Filter>Header Files</Filter>
    </ClInclude>
    <ClInclude Include="Correlation.h">
      <Filter>Header Files</Filter>
    </ClInclude>
    <ClInclude Include="DefinesMDB.h">
      <Filter>Header Files</Filter>
    </ClInclude>
    <ClInclude Include="Interaction.h">
      <Filter>Header Files</Filter>
    </ClInclude>
    <ClInclude Include="MaterialsDatabase.h">
      <Filter>Header Files</Filter>
    </ClInclude>
    <ClInclude Include="Mixture.h">
      <Filter>Header Files</Filter>
    </ClInclude>
    <ClInclude Include="TPProperty.h">
      <Filter>Header Files</Filter>
    </ClInclude>
    <ClInclude Include="GeneratedFiles\MaterialsDatabase.pb.h">
      <Filter>Generated Files</Filter>
    </ClInclude>
  </ItemGroup>
  <ItemGroup>
    <CustomBuild Include="MaterialsDatabase.proto">
      <Filter>Protobuf</Filter>
    </CustomBuild>
  </ItemGroup>
</Project>